{
  "version": 4,
  "terraform_version": "1.7.5",
  "serial": 609,
  "lineage": "3103f7ed-b7ee-6ac7-f44d-05dee0b2c016",
  "outputs": {},
  "resources": [
    {
      "module": "module.dynamodb_player_points",
      "mode": "managed",
      "type": "aws_dynamodb_table",
      "name": "dynamodb_table",
      "provider": "provider[\"registry.terraform.io/hashicorp/aws\"]",
      "instances": [
        {
          "schema_version": 1,
          "attributes": {
            "arn": "arn:aws:dynamodb:eu-west-2:264673220706:table/player_points_predictions",
            "attribute": [
              {
                "name": "element",
                "type": "N"
              }
            ],
            "billing_mode": "PAY_PER_REQUEST",
            "deletion_protection_enabled": false,
            "global_secondary_index": [],
            "hash_key": "element",
            "id": "player_points_predictions",
            "import_table": [],
            "local_secondary_index": [],
            "name": "player_points_predictions",
            "point_in_time_recovery": [
              {
                "enabled": false
              }
            ],
            "range_key": null,
            "read_capacity": 0,
            "replica": [],
            "restore_date_time": null,
            "restore_source_name": null,
            "restore_to_latest_time": null,
            "server_side_encryption": [],
            "stream_arn": "",
            "stream_enabled": false,
            "stream_label": "",
            "stream_view_type": "",
            "table_class": "STANDARD",
            "tags": {
              "name": "player_predictions"
            },
            "tags_all": {
              "name": "player_predictions"
            },
            "timeouts": null,
            "ttl": [
              {
                "attribute_name": "",
                "enabled": false
              }
            ],
            "write_capacity": 0
          },
          "sensitive_attributes": [],
          "private": "eyJlMmJmYjczMC1lY2FhLTExZTYtOGY4OC0zNDM2M2JjN2M0YzAiOnsiY3JlYXRlIjoxODAwMDAwMDAwMDAwLCJkZWxldGUiOjYwMDAwMDAwMDAwMCwidXBkYXRlIjozNjAwMDAwMDAwMDAwfSwic2NoZW1hX3ZlcnNpb24iOiIxIn0="
        }
      ]
    },
    {
      "module": "module.dynamodb_player_points",
      "mode": "managed",
      "type": "aws_iam_policy",
      "name": "lambda_dynamodb_rds_policy",
      "provider": "provider[\"registry.terraform.io/hashicorp/aws\"]",
      "instances": [
        {
          "schema_version": 0,
          "attributes": {
            "arn": "arn:aws:iam::264673220706:policy/lambda_dynamodb_rds_policy",
            "description": "IAM policy for accessing RDS and DynamoDB from Lambda",
            "id": "arn:aws:iam::264673220706:policy/lambda_dynamodb_rds_policy",
            "name": "lambda_dynamodb_rds_policy",
            "name_prefix": "",
            "path": "/",
            "policy": "{\"Statement\":[{\"Action\":[\"rds-db:connect\",\"dynamodb:PutItem\",\"dynamodb:BatchWriteItem\"],\"Effect\":\"Allow\",\"Resource\":\"*\"}],\"Version\":\"2012-10-17\"}",
            "policy_id": "ANPAT3H6A3BRIUQC2A46B",
            "tags": {},
            "tags_all": {}
          },
          "sensitive_attributes": [],
          "private": "bnVsbA=="
        }
      ]
    },
    {
      "module": "module.dynamodb_player_points",
      "mode": "managed",
      "type": "aws_iam_role",
      "name": "lambda_execution_role",
      "provider": "provider[\"registry.terraform.io/hashicorp/aws\"]",
      "instances": [
        {
          "schema_version": 0,
          "attributes": {
            "arn": "arn:aws:iam::264673220706:role/lambda_execution_role",
            "assume_role_policy": "{\"Statement\":[{\"Action\":\"sts:AssumeRole\",\"Effect\":\"Allow\",\"Principal\":{\"Service\":\"lambda.amazonaws.com\"}}],\"Version\":\"2012-10-17\"}",
            "create_date": "2024-04-19T15:28:22Z",
            "description": "",
            "force_detach_policies": false,
            "id": "lambda_execution_role",
            "inline_policy": [],
            "managed_policy_arns": [
              "arn:aws:iam::264673220706:policy/lambda_dynamodb_rds_policy"
            ],
            "max_session_duration": 3600,
            "name": "lambda_execution_role",
            "name_prefix": "",
            "path": "/",
            "permissions_boundary": "",
            "tags": {},
            "tags_all": {},
            "unique_id": "AROAT3H6A3BRCTTCGV4BZ"
          },
          "sensitive_attributes": [],
          "private": "bnVsbA=="
        }
      ]
    },
    {
      "module": "module.dynamodb_player_points",
      "mode": "managed",
      "type": "aws_iam_role_policy_attachment",
      "name": "lambda_dynamodb_rds_attachment",
      "provider": "provider[\"registry.terraform.io/hashicorp/aws\"]",
      "instances": [
        {
          "schema_version": 0,
          "attributes": {
            "id": "lambda_execution_role-20240419152823237900000002",
            "policy_arn": "arn:aws:iam::264673220706:policy/lambda_dynamodb_rds_policy",
            "role": "lambda_execution_role"
          },
          "sensitive_attributes": [],
          "private": "bnVsbA==",
          "dependencies": [
            "module.dynamodb_player_points.aws_iam_policy.lambda_dynamodb_rds_policy",
            "module.dynamodb_player_points.aws_iam_role.lambda_execution_role"
          ]
        }
      ]
    },
    {
      "module": "module.ecr_repo_lambda_extract",
      "mode": "managed",
      "type": "aws_ecr_repository",
      "name": "ecr_repository",
      "provider": "provider[\"registry.terraform.io/hashicorp/aws\"]",
      "instances": [
        {
          "schema_version": 0,
          "attributes": {
            "arn": "arn:aws:ecr:eu-west-2:264673220706:repository/lambda-extract",
            "encryption_configuration": [
              {
                "encryption_type": "AES256",
                "kms_key": ""
              }
            ],
            "force_delete": null,
            "id": "lambda-extract",
            "image_scanning_configuration": [
              {
                "scan_on_push": false
              }
            ],
            "image_tag_mutability": "MUTABLE",
            "name": "lambda-extract",
            "registry_id": "264673220706",
            "repository_url": "264673220706.dkr.ecr.eu-west-2.amazonaws.com/lambda-extract",
            "tags": {},
            "tags_all": {},
            "timeouts": null
          },
          "sensitive_attributes": [],
          "private": "eyJlMmJmYjczMC1lY2FhLTExZTYtOGY4OC0zNDM2M2JjN2M0YzAiOnsiZGVsZXRlIjoxMjAwMDAwMDAwMDAwfX0="
        }
      ]
    },
    {
      "module": "module.ecr_repo_lambda_points_pred_dynamo",
      "mode": "managed",
      "type": "aws_ecr_repository",
      "name": "ecr_repository",
      "provider": "provider[\"registry.terraform.io/hashicorp/aws\"]",
      "instances": [
        {
          "schema_version": 0,
          "attributes": {
            "arn": "arn:aws:ecr:eu-west-2:264673220706:repository/lambda-points-pred-dynamo",
            "encryption_configuration": [
              {
                "encryption_type": "AES256",
                "kms_key": ""
              }
            ],
            "force_delete": null,
            "id": "lambda-points-pred-dynamo",
            "image_scanning_configuration": [
              {
                "scan_on_push": false
              }
            ],
            "image_tag_mutability": "MUTABLE",
            "name": "lambda-points-pred-dynamo",
            "registry_id": "264673220706",
            "repository_url": "264673220706.dkr.ecr.eu-west-2.amazonaws.com/lambda-points-pred-dynamo",
            "tags": {},
            "tags_all": {},
            "timeouts": null
          },
          "sensitive_attributes": [],
          "private": "eyJlMmJmYjczMC1lY2FhLTExZTYtOGY4OC0zNDM2M2JjN2M0YzAiOnsiZGVsZXRlIjoxMjAwMDAwMDAwMDAwfX0="
        }
      ]
    },
    {
      "module": "module.ecr_repo_lambda_points_prediction",
      "mode": "managed",
      "type": "aws_ecr_repository",
      "name": "ecr_repository",
      "provider": "provider[\"registry.terraform.io/hashicorp/aws\"]",
      "instances": [
        {
          "schema_version": 0,
          "attributes": {
            "arn": "arn:aws:ecr:eu-west-2:264673220706:repository/lambda-points-prediction",
            "encryption_configuration": [
              {
                "encryption_type": "AES256",
                "kms_key": ""
              }
            ],
            "force_delete": null,
            "id": "lambda-points-prediction",
            "image_scanning_configuration": [
              {
                "scan_on_push": false
              }
            ],
            "image_tag_mutability": "MUTABLE",
            "name": "lambda-points-prediction",
            "registry_id": "264673220706",
            "repository_url": "264673220706.dkr.ecr.eu-west-2.amazonaws.com/lambda-points-prediction",
            "tags": {},
            "tags_all": {},
            "timeouts": null
          },
          "sensitive_attributes": [],
          "private": "eyJlMmJmYjczMC1lY2FhLTExZTYtOGY4OC0zNDM2M2JjN2M0YzAiOnsiZGVsZXRlIjoxMjAwMDAwMDAwMDAwfX0="
        }
      ]
    },
    {
      "module": "module.ecr_repo_lambda_transform",
      "mode": "managed",
      "type": "aws_ecr_repository",
      "name": "ecr_repository",
      "provider": "provider[\"registry.terraform.io/hashicorp/aws\"]",
      "instances": [
        {
          "schema_version": 0,
          "attributes": {
            "arn": "arn:aws:ecr:eu-west-2:264673220706:repository/lambda-transform",
            "encryption_configuration": [
              {
                "encryption_type": "AES256",
                "kms_key": ""
              }
            ],
            "force_delete": null,
            "id": "lambda-transform",
            "image_scanning_configuration": [
              {
                "scan_on_push": false
              }
            ],
            "image_tag_mutability": "MUTABLE",
            "name": "lambda-transform",
            "registry_id": "264673220706",
            "repository_url": "264673220706.dkr.ecr.eu-west-2.amazonaws.com/lambda-transform",
            "tags": {},
            "tags_all": {},
            "timeouts": null
          },
          "sensitive_attributes": [],
          "private": "eyJlMmJmYjczMC1lY2FhLTExZTYtOGY4OC0zNDM2M2JjN2M0YzAiOnsiZGVsZXRlIjoxMjAwMDAwMDAwMDAwfX0="
        }
      ]
    },
    {
      "module": "module.eventbridge_step_function",
      "mode": "managed",
      "type": "aws_cloudwatch_event_rule",
      "name": "schedule_rule",
      "provider": "provider[\"registry.terraform.io/hashicorp/aws\"]",
      "instances": [
        {
          "schema_version": 1,
          "attributes": {
            "arn": "arn:aws:events:eu-west-2:264673220706:rule/eventbridge_extract_schedule",
            "description": "",
            "event_bus_name": "default",
            "event_pattern": null,
            "id": "eventbridge_extract_schedule",
            "is_enabled": true,
            "name": "eventbridge_extract_schedule",
            "name_prefix": "",
            "role_arn": "",
            "schedule_expression": "cron(0 3 * * ? *)",
            "state": "ENABLED",
            "tags": {},
            "tags_all": {}
          },
          "sensitive_attributes": [],
          "private": "eyJzY2hlbWFfdmVyc2lvbiI6IjEifQ=="
        }
      ]
    },
    {
      "module": "module.eventbridge_step_function",
      "mode": "managed",
      "type": "aws_cloudwatch_event_target",
      "name": "service_target",
      "provider": "provider[\"registry.terraform.io/hashicorp/aws\"]",
      "instances": [
        {
          "schema_version": 1,
          "attributes": {
            "arn": "arn:aws:states:eu-west-2:264673220706:stateMachine:fpl_step_function",
            "batch_target": [],
            "dead_letter_config": [],
            "ecs_target": [],
            "event_bus_name": "default",
            "http_target": [],
            "id": "eventbridge_extract_schedule-fpl_step_function_target",
            "input": "",
            "input_path": "",
            "input_transformer": [],
            "kinesis_target": [],
            "redshift_target": [],
            "retry_policy": [],
            "role_arn": "arn:aws:iam::264673220706:role/eventbridge_extract_step_function_role",
            "rule": "eventbridge_extract_schedule",
            "run_command_targets": [],
            "sagemaker_pipeline_target": [],
            "sqs_target": [],
            "target_id": "fpl_step_function_target"
          },
          "sensitive_attributes": [],
          "private": "eyJzY2hlbWFfdmVyc2lvbiI6IjEifQ==",
          "dependencies": [
            "module.ecr_repo_lambda_extract.aws_ecr_repository.ecr_repository",
            "module.ecr_repo_lambda_points_pred_dynamo.aws_ecr_repository.ecr_repository",
            "module.ecr_repo_lambda_points_prediction.aws_ecr_repository.ecr_repository",
            "module.ecr_repo_lambda_transform.aws_ecr_repository.ecr_repository",
            "module.eventbridge_step_function.aws_cloudwatch_event_rule.schedule_rule",
            "module.eventbridge_step_function.aws_iam_role.eventbridge_sfn_role",
            "module.fpl_step_function.aws_iam_role.step_functions_iam_role",
            "module.fpl_step_function.aws_sfn_state_machine.sfn_state_machine",
            "module.lambda_function_extract.aws_iam_role.lambda_execution_role",
            "module.lambda_function_extract.aws_lambda_function.lambda_function",
            "module.lambda_function_points_pred_dynamodb.aws_iam_role.lambda_execution_role",
            "module.lambda_function_points_pred_dynamodb.aws_lambda_function.lambda_function",
            "module.lambda_function_points_prediction.aws_iam_role.lambda_execution_role",
            "module.lambda_function_points_prediction.aws_lambda_function.lambda_function",
            "module.lambda_function_transform.aws_iam_role.lambda_execution_role",
            "module.lambda_function_transform.aws_lambda_function.lambda_function"
          ]
        }
      ]
    },
    {
      "module": "module.eventbridge_step_function",
      "mode": "managed",
      "type": "aws_iam_policy",
      "name": "eventbridge_sfn_policy",
      "provider": "provider[\"registry.terraform.io/hashicorp/aws\"]",
      "instances": [
        {
          "schema_version": 0,
          "attributes": {
            "arn": "arn:aws:iam::264673220706:policy/eventbridge_extract_logging",
            "description": "Allows EventBridge to execute a specific Step Function",
            "id": "arn:aws:iam::264673220706:policy/eventbridge_extract_logging",
            "name": "eventbridge_extract_logging",
            "name_prefix": "",
            "path": "/",
            "policy": "{\"Statement\":[{\"Action\":\"states:StartExecution\",\"Effect\":\"Allow\",\"Resource\":\"arn:aws:states:eu-west-2:264673220706:stateMachine:fpl_step_function\"}],\"Version\":\"2012-10-17\"}",
            "policy_id": "ANPAT3H6A3BRC2J232ERP",
            "tags": {},
            "tags_all": {}
          },
          "sensitive_attributes": [],
          "private": "bnVsbA==",
          "dependencies": [
            "module.ecr_repo_lambda_extract.aws_ecr_repository.ecr_repository",
            "module.ecr_repo_lambda_points_pred_dynamo.aws_ecr_repository.ecr_repository",
            "module.ecr_repo_lambda_points_prediction.aws_ecr_repository.ecr_repository",
            "module.ecr_repo_lambda_transform.aws_ecr_repository.ecr_repository",
            "module.fpl_step_function.aws_iam_role.step_functions_iam_role",
            "module.fpl_step_function.aws_sfn_state_machine.sfn_state_machine",
            "module.lambda_function_extract.aws_iam_role.lambda_execution_role",
            "module.lambda_function_extract.aws_lambda_function.lambda_function",
            "module.lambda_function_points_pred_dynamodb.aws_iam_role.lambda_execution_role",
            "module.lambda_function_points_pred_dynamodb.aws_lambda_function.lambda_function",
            "module.lambda_function_points_prediction.aws_iam_role.lambda_execution_role",
            "module.lambda_function_points_prediction.aws_lambda_function.lambda_function",
            "module.lambda_function_transform.aws_iam_role.lambda_execution_role",
            "module.lambda_function_transform.aws_lambda_function.lambda_function"
          ]
        }
      ]
    },
    {
      "module": "module.eventbridge_step_function",
      "mode": "managed",
      "type": "aws_iam_role",
      "name": "eventbridge_sfn_role",
      "provider": "provider[\"registry.terraform.io/hashicorp/aws\"]",
      "instances": [
        {
          "schema_version": 0,
          "attributes": {
            "arn": "arn:aws:iam::264673220706:role/eventbridge_extract_step_function_role",
            "assume_role_policy": "{\"Statement\":[{\"Action\":\"sts:AssumeRole\",\"Effect\":\"Allow\",\"Principal\":{\"Service\":\"events.amazonaws.com\"}}],\"Version\":\"2012-10-17\"}",
            "create_date": "2024-04-25T09:37:46Z",
            "description": "",
            "force_detach_policies": false,
            "id": "eventbridge_extract_step_function_role",
            "inline_policy": [],
            "managed_policy_arns": [
              "arn:aws:iam::264673220706:policy/eventbridge_extract_logging"
            ],
            "max_session_duration": 3600,
            "name": "eventbridge_extract_step_function_role",
            "name_prefix": "",
            "path": "/",
            "permissions_boundary": "",
            "tags": {},
            "tags_all": {},
            "unique_id": "AROAT3H6A3BRHFCWMQBWP"
          },
          "sensitive_attributes": [],
          "private": "bnVsbA=="
        }
      ]
    },
    {
      "module": "module.eventbridge_step_function",
      "mode": "managed",
      "type": "aws_iam_role_policy_attachment",
      "name": "eventbridge_sfn_policy_attachment",
      "provider": "provider[\"registry.terraform.io/hashicorp/aws\"]",
      "instances": [
        {
          "schema_version": 0,
          "attributes": {
            "id": "eventbridge_extract_step_function_role-20240425093748010900000001",
            "policy_arn": "arn:aws:iam::264673220706:policy/eventbridge_extract_logging",
            "role": "eventbridge_extract_step_function_role"
          },
          "sensitive_attributes": [],
          "private": "bnVsbA==",
          "dependencies": [
            "module.ecr_repo_lambda_extract.aws_ecr_repository.ecr_repository",
            "module.ecr_repo_lambda_points_pred_dynamo.aws_ecr_repository.ecr_repository",
            "module.ecr_repo_lambda_points_prediction.aws_ecr_repository.ecr_repository",
            "module.ecr_repo_lambda_transform.aws_ecr_repository.ecr_repository",
            "module.eventbridge_step_function.aws_iam_policy.eventbridge_sfn_policy",
            "module.eventbridge_step_function.aws_iam_role.eventbridge_sfn_role",
            "module.fpl_step_function.aws_iam_role.step_functions_iam_role",
            "module.fpl_step_function.aws_sfn_state_machine.sfn_state_machine",
            "module.lambda_function_extract.aws_iam_role.lambda_execution_role",
            "module.lambda_function_extract.aws_lambda_function.lambda_function",
            "module.lambda_function_points_pred_dynamodb.aws_iam_role.lambda_execution_role",
            "module.lambda_function_points_pred_dynamodb.aws_lambda_function.lambda_function",
            "module.lambda_function_points_prediction.aws_iam_role.lambda_execution_role",
            "module.lambda_function_points_prediction.aws_lambda_function.lambda_function",
            "module.lambda_function_transform.aws_iam_role.lambda_execution_role",
            "module.lambda_function_transform.aws_lambda_function.lambda_function"
          ]
        }
      ]
    },
    {
      "module": "module.fpl_step_function",
      "mode": "data",
      "type": "aws_iam_policy_document",
      "name": "rds_policy_doc",
      "provider": "provider[\"registry.terraform.io/hashicorp/aws\"]",
      "instances": [
        {
          "schema_version": 0,
          "attributes": {
            "id": "1910694912",
            "json": "{\n  \"Version\": \"2012-10-17\",\n  \"Statement\": [\n    {\n      \"Effect\": \"Allow\",\n      \"Action\": \"rds-db:connect\",\n      \"Resource\": \"*\"\n    }\n  ]\n}",
            "override_json": null,
            "override_policy_documents": null,
            "policy_id": null,
            "source_json": null,
            "source_policy_documents": null,
            "statement": [
              {
                "actions": [
                  "rds-db:connect"
                ],
                "condition": [],
                "effect": "Allow",
                "not_actions": [],
                "not_principals": [],
                "not_resources": [],
                "principals": [],
                "resources": [
                  "*"
                ],
                "sid": ""
              }
            ],
            "version": "2012-10-17"
          },
          "sensitive_attributes": []
        }
      ]
    },
    {
      "module": "module.fpl_step_function",
      "mode": "data",
      "type": "aws_iam_policy_document",
      "name": "step_function_secrets_manager_policy",
      "provider": "provider[\"registry.terraform.io/hashicorp/aws\"]",
      "instances": [
        {
          "schema_version": 0,
          "attributes": {
            "id": "4292831446",
            "json": "{\n  \"Version\": \"2012-10-17\",\n  \"Statement\": [\n    {\n      \"Effect\": \"Allow\",\n      \"Action\": [\n        \"secretsmanager:GetSecretValue\",\n        \"secretsmanager:DescribeSecret\"\n      ],\n      \"Resource\": \"arn:aws:secretsmanager:eu-west-2:264673220706:secret:rds_secrets-P26F8L\"\n    }\n  ]\n}",
            "override_json": null,
            "override_policy_documents": null,
            "policy_id": null,
            "source_json": null,
            "source_policy_documents": null,
            "statement": [
              {
                "actions": [
                  "secretsmanager:DescribeSecret",
                  "secretsmanager:GetSecretValue"
                ],
                "condition": [],
                "effect": "Allow",
                "not_actions": [],
                "not_principals": [],
                "not_resources": [],
                "principals": [],
                "resources": [
                  "arn:aws:secretsmanager:eu-west-2:264673220706:secret:rds_secrets-P26F8L"
                ],
                "sid": ""
              }
            ],
            "version": "2012-10-17"
          },
          "sensitive_attributes": []
        }
      ]
    },
    {
      "module": "module.fpl_step_function",
      "mode": "managed",
      "type": "aws_iam_policy",
      "name": "invoke_all_lambdas_policy",
      "provider": "provider[\"registry.terraform.io/hashicorp/aws\"]",
      "instances": [
        {
          "schema_version": 0,
          "attributes": {
            "arn": "arn:aws:iam::264673220706:policy/fpl_step_function_step_function_execution_role_invoke_all_lambdas_policy",
            "description": "Allows invocation of all Lambda functions in the account",
            "id": "arn:aws:iam::264673220706:policy/fpl_step_function_step_function_execution_role_invoke_all_lambdas_policy",
            "name": "fpl_step_function_step_function_execution_role_invoke_all_lambdas_policy",
            "name_prefix": "",
            "path": "/",
            "policy": "{\"Statement\":[{\"Action\":\"lambda:InvokeFunction\",\"Effect\":\"Allow\",\"Resource\":\"arn:aws:lambda:*:*:function:*\"}],\"Version\":\"2012-10-17\"}",
            "policy_id": "ANPAT3H6A3BRB2SVOMIR4",
            "tags": {},
            "tags_all": {}
          },
          "sensitive_attributes": [],
          "private": "bnVsbA=="
        }
      ]
    },
    {
      "module": "module.fpl_step_function",
      "mode": "managed",
      "type": "aws_iam_policy",
      "name": "rds_policy",
      "provider": "provider[\"registry.terraform.io/hashicorp/aws\"]",
      "instances": [
        {
          "schema_version": 0,
          "attributes": {
            "arn": "arn:aws:iam::264673220706:policy/fpl_step_function_rds_execution_policy",
            "description": "A policy that allows step functions to access RDS.",
            "id": "arn:aws:iam::264673220706:policy/fpl_step_function_rds_execution_policy",
            "name": "fpl_step_function_rds_execution_policy",
            "name_prefix": "",
            "path": "/",
            "policy": "{\"Statement\":[{\"Action\":\"rds-db:connect\",\"Effect\":\"Allow\",\"Resource\":\"*\"}],\"Version\":\"2012-10-17\"}",
            "policy_id": "ANPAT3H6A3BRIWC2DJNDQ",
            "tags": {},
            "tags_all": {}
          },
          "sensitive_attributes": [],
          "private": "bnVsbA==",
          "dependencies": [
            "module.fpl_step_function.data.aws_iam_policy_document.rds_policy_doc"
          ]
        }
      ]
    },
    {
      "module": "module.fpl_step_function",
      "mode": "managed",
      "type": "aws_iam_policy",
      "name": "step_function_secrets_manager_policy",
      "provider": "provider[\"registry.terraform.io/hashicorp/aws\"]",
      "instances": [
        {
          "schema_version": 0,
          "attributes": {
            "arn": "arn:aws:iam::264673220706:policy/fpl_step_function_secrets_manager_policy",
            "description": "IAM policy for Step Function to access Secrets Manager",
            "id": "arn:aws:iam::264673220706:policy/fpl_step_function_secrets_manager_policy",
            "name": "fpl_step_function_secrets_manager_policy",
            "name_prefix": "",
            "path": "/",
            "policy": "{\"Statement\":[{\"Action\":[\"secretsmanager:GetSecretValue\",\"secretsmanager:DescribeSecret\"],\"Effect\":\"Allow\",\"Resource\":\"arn:aws:secretsmanager:eu-west-2:264673220706:secret:rds_secrets-P26F8L\"}],\"Version\":\"2012-10-17\"}",
            "policy_id": "ANPAT3H6A3BREVEIRUS4O",
            "tags": {},
            "tags_all": {}
          },
          "sensitive_attributes": [],
          "private": "bnVsbA==",
          "dependencies": [
            "module.fpl_step_function.data.aws_iam_policy_document.step_function_secrets_manager_policy"
          ]
        }
      ]
    },
    {
      "module": "module.fpl_step_function",
      "mode": "managed",
      "type": "aws_iam_policy_attachment",
      "name": "attach_invoke_all_lambdas",
      "provider": "provider[\"registry.terraform.io/hashicorp/aws\"]",
      "instances": [
        {
          "schema_version": 0,
          "attributes": {
            "groups": [],
            "id": "fpl_step_function_step_function_execution_role_invoke_all_lambdas_attachment",
            "name": "fpl_step_function_step_function_execution_role_invoke_all_lambdas_attachment",
            "policy_arn": "arn:aws:iam::264673220706:policy/fpl_step_function_step_function_execution_role_invoke_all_lambdas_policy",
            "roles": [
              "fpl_step_function_step_function_execution_role"
            ],
            "users": []
          },
          "sensitive_attributes": [],
          "private": "bnVsbA==",
          "dependencies": [
            "module.fpl_step_function.aws_iam_policy.invoke_all_lambdas_policy",
            "module.fpl_step_function.aws_iam_role.step_functions_iam_role"
          ]
        }
      ]
    },
    {
      "module": "module.fpl_step_function",
      "mode": "managed",
      "type": "aws_iam_role",
      "name": "step_functions_iam_role",
      "provider": "provider[\"registry.terraform.io/hashicorp/aws\"]",
      "instances": [
        {
          "schema_version": 0,
          "attributes": {
            "arn": "arn:aws:iam::264673220706:role/fpl_step_function_step_function_execution_role",
            "assume_role_policy": "{\"Statement\":[{\"Action\":\"sts:AssumeRole\",\"Effect\":\"Allow\",\"Principal\":{\"Service\":\"states.amazonaws.com\"},\"Sid\":\"\"}],\"Version\":\"2012-10-17\"}",
            "create_date": "2024-04-23T06:04:02Z",
            "description": "",
            "force_detach_policies": false,
            "id": "fpl_step_function_step_function_execution_role",
            "inline_policy": [],
            "managed_policy_arns": [
              "arn:aws:iam::264673220706:policy/fpl_step_function_rds_execution_policy",
              "arn:aws:iam::264673220706:policy/fpl_step_function_secrets_manager_policy",
              "arn:aws:iam::264673220706:policy/fpl_step_function_step_function_execution_role_invoke_all_lambdas_policy"
            ],
            "max_session_duration": 3600,
            "name": "fpl_step_function_step_function_execution_role",
            "name_prefix": "",
            "path": "/",
            "permissions_boundary": "",
            "tags": {},
            "tags_all": {},
            "unique_id": "AROAT3H6A3BRHPYI7QNHY"
          },
          "sensitive_attributes": [],
          "private": "bnVsbA=="
        }
      ]
    },
    {
      "module": "module.fpl_step_function",
      "mode": "managed",
      "type": "aws_iam_role_policy_attachment",
      "name": "lambda_rds",
      "provider": "provider[\"registry.terraform.io/hashicorp/aws\"]",
      "instances": [
        {
          "schema_version": 0,
          "attributes": {
            "id": "fpl_step_function_step_function_execution_role-20240501151209340700000002",
            "policy_arn": "arn:aws:iam::264673220706:policy/fpl_step_function_rds_execution_policy",
            "role": "fpl_step_function_step_function_execution_role"
          },
          "sensitive_attributes": [],
          "private": "bnVsbA==",
          "dependencies": [
            "module.fpl_step_function.aws_iam_policy.rds_policy",
            "module.fpl_step_function.aws_iam_role.step_functions_iam_role",
            "module.fpl_step_function.data.aws_iam_policy_document.rds_policy_doc"
          ]
        }
      ]
    },
    {
      "module": "module.fpl_step_function",
      "mode": "managed",
      "type": "aws_iam_role_policy_attachment",
      "name": "step_function_secrets_manager_attach",
      "provider": "provider[\"registry.terraform.io/hashicorp/aws\"]",
      "instances": [
        {
          "schema_version": 0,
          "attributes": {
            "id": "fpl_step_function_step_function_execution_role-20240501151209296000000001",
            "policy_arn": "arn:aws:iam::264673220706:policy/fpl_step_function_secrets_manager_policy",
            "role": "fpl_step_function_step_function_execution_role"
          },
          "sensitive_attributes": [],
          "private": "bnVsbA==",
          "dependencies": [
            "module.fpl_step_function.aws_iam_policy.step_function_secrets_manager_policy",
            "module.fpl_step_function.aws_iam_role.step_functions_iam_role",
            "module.fpl_step_function.data.aws_iam_policy_document.step_function_secrets_manager_policy"
          ]
        }
      ]
    },
    {
      "module": "module.fpl_step_function",
      "mode": "managed",
      "type": "aws_sfn_state_machine",
      "name": "sfn_state_machine",
      "provider": "provider[\"registry.terraform.io/hashicorp/aws\"]",
      "instances": [
        {
          "schema_version": 0,
          "attributes": {
            "arn": "arn:aws:states:eu-west-2:264673220706:stateMachine:fpl_step_function",
            "creation_date": "2024-04-23T06:04:29Z",
            "definition": "{\n  \"Comment\": \"AWS Step Functions to orchestrate FPL pipelines.\",\n  \"StartAt\": \"fpl_extract\",\n  \"States\": {\n    \"fpl_extract\": {\n      \"Type\": \"Task\",\n      \"Resource\": \"arn:aws:lambda:eu-west-2:264673220706:function:fpl_extract_and_load\",\n      \"Next\": \"fpl_transform\"\n    },\n    \"fpl_transform\": {\n      \"Type\": \"Task\",\n      \"Resource\": \"arn:aws:lambda:eu-west-2:264673220706:function:fpl_transform\",\n      \"Next\": \"fpl_points_prediction\"\n    },\n    \"fpl_points_prediction\": {\n    \"Type\": \"Task\",\n    \"Resource\": \"arn:aws:lambda:eu-west-2:264673220706:function:fpl_points_prediction\",\n    \"Next\": \"fpl_points_points_pred_dynamodb\"\n    },\n    \"fpl_points_points_pred_dynamodb\": {\n    \"Type\": \"Task\",\n    \"Resource\": \"arn:aws:lambda:eu-west-2:264673220706:function:fpl_points_pred_dynamodb\",\n    \"End\": true\n    }\n  }\n}\n",
            "description": "",
            "id": "arn:aws:states:eu-west-2:264673220706:stateMachine:fpl_step_function",
            "logging_configuration": [
              {
                "include_execution_data": false,
                "level": "OFF",
                "log_destination": ""
              }
            ],
            "name": "fpl_step_function",
            "name_prefix": "",
            "publish": false,
            "revision_id": "78fc7b4c-5088-4961-b7d5-223ce3ed0dae",
            "role_arn": "arn:aws:iam::264673220706:role/fpl_step_function_step_function_execution_role",
            "state_machine_version_arn": "",
            "status": "ACTIVE",
            "tags": {},
            "tags_all": {},
            "timeouts": null,
            "tracing_configuration": [
              {
                "enabled": false
              }
            ],
            "type": "STANDARD",
            "version_description": null
          },
          "sensitive_attributes": [],
          "private": "eyJlMmJmYjczMC1lY2FhLTExZTYtOGY4OC0zNDM2M2JjN2M0YzAiOnsiY3JlYXRlIjozMDAwMDAwMDAwMDAsImRlbGV0ZSI6MzAwMDAwMDAwMDAwLCJ1cGRhdGUiOjYwMDAwMDAwMDAwfX0=",
          "dependencies": [
            "module.ecr_repo_lambda_extract.aws_ecr_repository.ecr_repository",
            "module.ecr_repo_lambda_points_pred_dynamo.aws_ecr_repository.ecr_repository",
            "module.ecr_repo_lambda_points_prediction.aws_ecr_repository.ecr_repository",
            "module.ecr_repo_lambda_transform.aws_ecr_repository.ecr_repository",
            "module.fpl_step_function.aws_iam_role.step_functions_iam_role",
            "module.lambda_function_extract.aws_iam_role.lambda_execution_role",
            "module.lambda_function_extract.aws_lambda_function.lambda_function",
            "module.lambda_function_points_pred_dynamodb.aws_iam_role.lambda_execution_role",
            "module.lambda_function_points_pred_dynamodb.aws_lambda_function.lambda_function",
            "module.lambda_function_points_prediction.aws_iam_role.lambda_execution_role",
            "module.lambda_function_points_prediction.aws_lambda_function.lambda_function",
            "module.lambda_function_transform.aws_iam_role.lambda_execution_role",
            "module.lambda_function_transform.aws_lambda_function.lambda_function"
          ]
        }
      ]
    },
    {
      "module": "module.lambda_function_extract",
      "mode": "data",
      "type": "aws_iam_policy_document",
      "name": "dynamodb_policy",
      "provider": "provider[\"registry.terraform.io/hashicorp/aws\"]",
      "instances": [
        {
          "schema_version": 0,
          "attributes": {
            "id": "3528090608",
            "json": "{\n  \"Version\": \"2012-10-17\",\n  \"Statement\": [\n    {\n      \"Effect\": \"Allow\",\n      \"Action\": \"dynamodb:PutItem\",\n      \"Resource\": \"\"\n    }\n  ]\n}",
            "override_json": null,
            "override_policy_documents": null,
            "policy_id": null,
            "source_json": null,
            "source_policy_documents": null,
            "statement": [
              {
                "actions": [
                  "dynamodb:PutItem"
                ],
                "condition": [],
                "effect": "Allow",
                "not_actions": [],
                "not_principals": [],
                "not_resources": [],
                "principals": [],
                "resources": [
                  ""
                ],
                "sid": ""
              }
            ],
            "version": "2012-10-17"
          },
          "sensitive_attributes": []
        }
      ]
    },
    {
      "module": "module.lambda_function_extract",
      "mode": "data",
      "type": "aws_iam_policy_document",
      "name": "lambda_logging",
      "provider": "provider[\"registry.terraform.io/hashicorp/aws\"]",
      "instances": [
        {
          "schema_version": 0,
          "attributes": {
            "id": "16712114",
            "json": "{\n  \"Version\": \"2012-10-17\",\n  \"Statement\": [\n    {\n      \"Effect\": \"Allow\",\n      \"Action\": [\n        \"logs:PutLogEvents\",\n        \"logs:CreateLogStream\",\n        \"logs:CreateLogGroup\"\n      ],\n      \"Resource\": \"arn:aws:logs:*:*:*\"\n    }\n  ]\n}",
            "override_json": null,
            "override_policy_documents": null,
            "policy_id": null,
            "source_json": null,
            "source_policy_documents": null,
            "statement": [
              {
                "actions": [
                  "logs:CreateLogGroup",
                  "logs:CreateLogStream",
                  "logs:PutLogEvents"
                ],
                "condition": [],
                "effect": "Allow",
                "not_actions": [],
                "not_principals": [],
                "not_resources": [],
                "principals": [],
                "resources": [
                  "arn:aws:logs:*:*:*"
                ],
                "sid": ""
              }
            ],
            "version": "2012-10-17"
          },
          "sensitive_attributes": []
        }
      ]
    },
    {
      "module": "module.lambda_function_extract",
      "mode": "data",
      "type": "aws_iam_policy_document",
      "name": "lambda_rds_policy_doc",
      "provider": "provider[\"registry.terraform.io/hashicorp/aws\"]",
      "instances": [
        {
          "schema_version": 0,
          "attributes": {
            "id": "1910694912",
            "json": "{\n  \"Version\": \"2012-10-17\",\n  \"Statement\": [\n    {\n      \"Effect\": \"Allow\",\n      \"Action\": \"rds-db:connect\",\n      \"Resource\": \"*\"\n    }\n  ]\n}",
            "override_json": null,
            "override_policy_documents": null,
            "policy_id": null,
            "source_json": null,
            "source_policy_documents": null,
            "statement": [
              {
                "actions": [
                  "rds-db:connect"
                ],
                "condition": [],
                "effect": "Allow",
                "not_actions": [],
                "not_principals": [],
                "not_resources": [],
                "principals": [],
                "resources": [
                  "*"
                ],
                "sid": ""
              }
            ],
            "version": "2012-10-17"
          },
          "sensitive_attributes": []
        }
      ]
    },
    {
      "module": "module.lambda_function_extract",
      "mode": "data",
      "type": "aws_iam_policy_document",
      "name": "lambda_secrets_manager_policy",
      "provider": "provider[\"registry.terraform.io/hashicorp/aws\"]",
      "instances": [
        {
          "schema_version": 0,
          "attributes": {
            "id": "4292831446",
            "json": "{\n  \"Version\": \"2012-10-17\",\n  \"Statement\": [\n    {\n      \"Effect\": \"Allow\",\n      \"Action\": [\n        \"secretsmanager:GetSecretValue\",\n        \"secretsmanager:DescribeSecret\"\n      ],\n      \"Resource\": \"arn:aws:secretsmanager:eu-west-2:264673220706:secret:rds_secrets-P26F8L\"\n    }\n  ]\n}",
            "override_json": null,
            "override_policy_documents": null,
            "policy_id": null,
            "source_json": null,
            "source_policy_documents": null,
            "statement": [
              {
                "actions": [
                  "secretsmanager:DescribeSecret",
                  "secretsmanager:GetSecretValue"
                ],
                "condition": [],
                "effect": "Allow",
                "not_actions": [],
                "not_principals": [],
                "not_resources": [],
                "principals": [],
                "resources": [
                  "arn:aws:secretsmanager:eu-west-2:264673220706:secret:rds_secrets-P26F8L"
                ],
                "sid": ""
              }
            ],
            "version": "2012-10-17"
          },
          "sensitive_attributes": []
        }
      ]
    },
    {
      "module": "module.lambda_function_extract",
      "mode": "managed",
      "type": "aws_iam_policy",
      "name": "lambda_logging",
      "provider": "provider[\"registry.terraform.io/hashicorp/aws\"]",
      "instances": [
        {
          "schema_version": 0,
          "attributes": {
            "arn": "arn:aws:iam::264673220706:policy/fpl_extract_and_load_logging",
            "description": "",
            "id": "arn:aws:iam::264673220706:policy/fpl_extract_and_load_logging",
            "name": "fpl_extract_and_load_logging",
            "name_prefix": "",
            "path": "/",
            "policy": "{\"Statement\":[{\"Action\":[\"logs:PutLogEvents\",\"logs:CreateLogStream\",\"logs:CreateLogGroup\"],\"Effect\":\"Allow\",\"Resource\":\"arn:aws:logs:*:*:*\"}],\"Version\":\"2012-10-17\"}",
            "policy_id": "ANPAT3H6A3BRPH2PSO7EN",
            "tags": {},
            "tags_all": {}
          },
          "sensitive_attributes": [],
          "private": "bnVsbA==",
          "dependencies": [
            "module.lambda_function_extract.data.aws_iam_policy_document.lambda_logging"
          ]
        }
      ]
    },
    {
      "module": "module.lambda_function_extract",
      "mode": "managed",
      "type": "aws_iam_policy",
      "name": "lambda_rds_policy",
      "provider": "provider[\"registry.terraform.io/hashicorp/aws\"]",
      "instances": [
        {
          "schema_version": 0,
          "attributes": {
            "arn": "arn:aws:iam::264673220706:policy/fpl_extract_and_load_rds_execution_policy",
            "description": "A policy that allows lambda functions to access RDS.",
            "id": "arn:aws:iam::264673220706:policy/fpl_extract_and_load_rds_execution_policy",
            "name": "fpl_extract_and_load_rds_execution_policy",
            "name_prefix": "",
            "path": "/",
            "policy": "{\"Statement\":[{\"Action\":\"rds-db:connect\",\"Effect\":\"Allow\",\"Resource\":\"*\"}],\"Version\":\"2012-10-17\"}",
            "policy_id": "ANPAT3H6A3BRKBTQSB4ZV",
            "tags": {},
            "tags_all": {}
          },
          "sensitive_attributes": [],
          "private": "bnVsbA==",
          "dependencies": [
            "module.lambda_function_extract.data.aws_iam_policy_document.lambda_rds_policy_doc"
          ]
        }
      ]
    },
    {
      "module": "module.lambda_function_extract",
      "mode": "managed",
      "type": "aws_iam_policy",
      "name": "lambda_secrets_manager_policy",
      "provider": "provider[\"registry.terraform.io/hashicorp/aws\"]",
      "instances": [
        {
          "schema_version": 0,
          "attributes": {
            "arn": "arn:aws:iam::264673220706:policy/fpl_extract_and_load_secrets_manager_policy",
            "description": "IAM policy for Lambda to access Secrets Manager",
            "id": "arn:aws:iam::264673220706:policy/fpl_extract_and_load_secrets_manager_policy",
            "name": "fpl_extract_and_load_secrets_manager_policy",
            "name_prefix": "",
            "path": "/",
            "policy": "{\"Statement\":[{\"Action\":[\"secretsmanager:GetSecretValue\",\"secretsmanager:DescribeSecret\"],\"Effect\":\"Allow\",\"Resource\":\"arn:aws:secretsmanager:eu-west-2:264673220706:secret:rds_secrets-P26F8L\"}],\"Version\":\"2012-10-17\"}",
            "policy_id": "ANPAT3H6A3BRN6UTO76LP",
            "tags": {},
            "tags_all": {}
          },
          "sensitive_attributes": [],
          "private": "bnVsbA==",
          "dependencies": [
            "module.lambda_function_extract.data.aws_iam_policy_document.lambda_secrets_manager_policy"
          ]
        }
      ]
    },
    {
      "module": "module.lambda_function_extract",
      "mode": "managed",
      "type": "aws_iam_role",
      "name": "lambda_execution_role",
      "provider": "provider[\"registry.terraform.io/hashicorp/aws\"]",
      "instances": [
        {
          "schema_version": 0,
          "attributes": {
            "arn": "arn:aws:iam::264673220706:role/fpl_extract_and_load_execution_role",
            "assume_role_policy": "{\"Statement\":[{\"Action\":\"sts:AssumeRole\",\"Effect\":\"Allow\",\"Principal\":{\"Service\":\"lambda.amazonaws.com\"}}],\"Version\":\"2012-10-17\"}",
            "create_date": "2024-04-19T15:28:22Z",
            "description": "",
            "force_detach_policies": false,
            "id": "fpl_extract_and_load_execution_role",
            "inline_policy": [],
            "managed_policy_arns": [
              "arn:aws:iam::264673220706:policy/fpl_extract_and_load_logging",
              "arn:aws:iam::264673220706:policy/fpl_extract_and_load_rds_execution_policy",
              "arn:aws:iam::264673220706:policy/fpl_extract_and_load_secrets_manager_policy"
            ],
            "max_session_duration": 3600,
            "name": "fpl_extract_and_load_execution_role",
            "name_prefix": "",
            "path": "/",
            "permissions_boundary": "",
            "tags": {},
            "tags_all": {},
            "unique_id": "AROAT3H6A3BRMRQSRNVBN"
          },
          "sensitive_attributes": [],
          "private": "bnVsbA=="
        }
      ]
    },
    {
      "module": "module.lambda_function_extract",
      "mode": "managed",
      "type": "aws_iam_role_policy_attachment",
      "name": "lambda_logs",
      "provider": "provider[\"registry.terraform.io/hashicorp/aws\"]",
      "instances": [
        {
          "schema_version": 0,
          "attributes": {
            "id": "fpl_extract_and_load_execution_role-20240419152823220600000001",
            "policy_arn": "arn:aws:iam::264673220706:policy/fpl_extract_and_load_logging",
            "role": "fpl_extract_and_load_execution_role"
          },
          "sensitive_attributes": [],
          "private": "bnVsbA==",
          "dependencies": [
            "module.lambda_function_extract.aws_iam_policy.lambda_logging",
            "module.lambda_function_extract.aws_iam_role.lambda_execution_role",
            "module.lambda_function_extract.data.aws_iam_policy_document.lambda_logging"
          ]
        }
      ]
    },
    {
      "module": "module.lambda_function_extract",
      "mode": "managed",
      "type": "aws_iam_role_policy_attachment",
      "name": "lambda_rds",
      "provider": "provider[\"registry.terraform.io/hashicorp/aws\"]",
      "instances": [
        {
          "schema_version": 0,
          "attributes": {
            "id": "fpl_extract_and_load_execution_role-20240423061225459800000002",
            "policy_arn": "arn:aws:iam::264673220706:policy/fpl_extract_and_load_rds_execution_policy",
            "role": "fpl_extract_and_load_execution_role"
          },
          "sensitive_attributes": [],
          "private": "bnVsbA==",
          "dependencies": [
            "module.lambda_function_extract.aws_iam_policy.lambda_rds_policy",
            "module.lambda_function_extract.aws_iam_role.lambda_execution_role",
            "module.lambda_function_extract.data.aws_iam_policy_document.lambda_rds_policy_doc"
          ]
        }
      ]
    },
    {
      "module": "module.lambda_function_extract",
      "mode": "managed",
      "type": "aws_iam_role_policy_attachment",
      "name": "lambda_secrets_manager_attach",
      "provider": "provider[\"registry.terraform.io/hashicorp/aws\"]",
      "instances": [
        {
          "schema_version": 0,
          "attributes": {
            "id": "fpl_extract_and_load_execution_role-20240419160636980600000001",
            "policy_arn": "arn:aws:iam::264673220706:policy/fpl_extract_and_load_secrets_manager_policy",
            "role": "fpl_extract_and_load_execution_role"
          },
          "sensitive_attributes": [],
          "private": "bnVsbA==",
          "dependencies": [
            "module.lambda_function_extract.aws_iam_policy.lambda_secrets_manager_policy",
            "module.lambda_function_extract.aws_iam_role.lambda_execution_role",
            "module.lambda_function_extract.data.aws_iam_policy_document.lambda_secrets_manager_policy"
          ]
        }
      ]
    },
    {
      "module": "module.lambda_function_extract",
      "mode": "managed",
      "type": "aws_lambda_function",
      "name": "lambda_function",
      "provider": "provider[\"registry.terraform.io/hashicorp/aws\"]",
      "instances": [
        {
          "schema_version": 0,
          "attributes": {
            "architectures": [
              "x86_64"
            ],
            "arn": "arn:aws:lambda:eu-west-2:264673220706:function:fpl_extract_and_load",
            "code_signing_config_arn": "",
            "dead_letter_config": [],
            "description": "",
            "environment": [],
            "ephemeral_storage": [
              {
                "size": 512
              }
            ],
            "file_system_config": [],
            "filename": null,
            "function_name": "fpl_extract_and_load",
            "handler": "",
            "id": "fpl_extract_and_load",
            "image_config": [],
            "image_uri": "264673220706.dkr.ecr.eu-west-2.amazonaws.com/lambda-extract:latest",
            "invoke_arn": "arn:aws:apigateway:eu-west-2:lambda:path/2015-03-31/functions/arn:aws:lambda:eu-west-2:264673220706:function:fpl_extract_and_load/invocations",
            "kms_key_arn": "",
            "last_modified": "2024-05-07T19:51:05.579+0000",
            "layers": [],
            "logging_config": [
              {
                "application_log_level": "",
                "log_format": "Text",
                "log_group": "/aws/lambda/fpl_extract_and_load",
                "system_log_level": ""
              }
            ],
            "memory_size": 512,
            "package_type": "Image",
            "publish": false,
            "qualified_arn": "arn:aws:lambda:eu-west-2:264673220706:function:fpl_extract_and_load:$LATEST",
            "qualified_invoke_arn": "arn:aws:apigateway:eu-west-2:lambda:path/2015-03-31/functions/arn:aws:lambda:eu-west-2:264673220706:function:fpl_extract_and_load:$LATEST/invocations",
            "replace_security_groups_on_destroy": null,
            "replacement_security_group_ids": null,
            "reserved_concurrent_executions": -1,
            "role": "arn:aws:iam::264673220706:role/fpl_extract_and_load_execution_role",
            "runtime": "",
            "s3_bucket": null,
            "s3_key": null,
            "s3_object_version": null,
            "signing_job_arn": "",
            "signing_profile_version_arn": "",
            "skip_destroy": false,
            "snap_start": [],
            "source_code_hash": "9bb8022a5b88b176a4b3d20879c8afcf31645a49f535dde551d4ee5c480cb1bb",
            "source_code_size": 0,
            "tags": {},
            "tags_all": {},
            "timeout": 600,
            "timeouts": null,
            "tracing_config": [
              {
                "mode": "PassThrough"
              }
            ],
            "version": "$LATEST",
            "vpc_config": []
          },
          "sensitive_attributes": [],
          "private": "eyJlMmJmYjczMC1lY2FhLTExZTYtOGY4OC0zNDM2M2JjN2M0YzAiOnsiY3JlYXRlIjo2MDAwMDAwMDAwMDAsImRlbGV0ZSI6NjAwMDAwMDAwMDAwLCJ1cGRhdGUiOjYwMDAwMDAwMDAwMH19",
          "dependencies": [
            "module.ecr_repo_lambda_extract.aws_ecr_repository.ecr_repository",
            "module.lambda_function_extract.aws_iam_role.lambda_execution_role"
          ]
        }
      ]
    },
    {
      "module": "module.lambda_function_points_pred_dynamodb",
      "mode": "data",
      "type": "aws_iam_policy_document",
      "name": "dynamodb_policy",
      "provider": "provider[\"registry.terraform.io/hashicorp/aws\"]",
      "instances": [
        {
          "schema_version": 0,
          "attributes": {
            "id": "3360834453",
            "json": "{\n  \"Version\": \"2012-10-17\",\n  \"Statement\": [\n    {\n      \"Effect\": \"Allow\",\n      \"Action\": \"dynamodb:PutItem\",\n      \"Resource\": \"arn:aws:dynamodb:eu-west-2:264673220706:table/player_points_predictions\"\n    }\n  ]\n}",
            "override_json": null,
            "override_policy_documents": null,
            "policy_id": null,
            "source_json": null,
            "source_policy_documents": null,
            "statement": [
              {
                "actions": [
                  "dynamodb:PutItem"
                ],
                "condition": [],
                "effect": "Allow",
                "not_actions": [],
                "not_principals": [],
                "not_resources": [],
                "principals": [],
                "resources": [
                  "arn:aws:dynamodb:eu-west-2:264673220706:table/player_points_predictions"
                ],
                "sid": ""
              }
            ],
            "version": "2012-10-17"
          },
          "sensitive_attributes": []
        }
      ]
    },
    {
      "module": "module.lambda_function_points_pred_dynamodb",
      "mode": "data",
      "type": "aws_iam_policy_document",
      "name": "lambda_logging",
      "provider": "provider[\"registry.terraform.io/hashicorp/aws\"]",
      "instances": [
        {
          "schema_version": 0,
          "attributes": {
            "id": "16712114",
            "json": "{\n  \"Version\": \"2012-10-17\",\n  \"Statement\": [\n    {\n      \"Effect\": \"Allow\",\n      \"Action\": [\n        \"logs:PutLogEvents\",\n        \"logs:CreateLogStream\",\n        \"logs:CreateLogGroup\"\n      ],\n      \"Resource\": \"arn:aws:logs:*:*:*\"\n    }\n  ]\n}",
            "override_json": null,
            "override_policy_documents": null,
            "policy_id": null,
            "source_json": null,
            "source_policy_documents": null,
            "statement": [
              {
                "actions": [
                  "logs:CreateLogGroup",
                  "logs:CreateLogStream",
                  "logs:PutLogEvents"
                ],
                "condition": [],
                "effect": "Allow",
                "not_actions": [],
                "not_principals": [],
                "not_resources": [],
                "principals": [],
                "resources": [
                  "arn:aws:logs:*:*:*"
                ],
                "sid": ""
              }
            ],
            "version": "2012-10-17"
          },
          "sensitive_attributes": []
        }
      ]
    },
    {
      "module": "module.lambda_function_points_pred_dynamodb",
      "mode": "data",
      "type": "aws_iam_policy_document",
      "name": "lambda_rds_policy_doc",
      "provider": "provider[\"registry.terraform.io/hashicorp/aws\"]",
      "instances": [
        {
          "schema_version": 0,
          "attributes": {
            "id": "1910694912",
            "json": "{\n  \"Version\": \"2012-10-17\",\n  \"Statement\": [\n    {\n      \"Effect\": \"Allow\",\n      \"Action\": \"rds-db:connect\",\n      \"Resource\": \"*\"\n    }\n  ]\n}",
            "override_json": null,
            "override_policy_documents": null,
            "policy_id": null,
            "source_json": null,
            "source_policy_documents": null,
            "statement": [
              {
                "actions": [
                  "rds-db:connect"
                ],
                "condition": [],
                "effect": "Allow",
                "not_actions": [],
                "not_principals": [],
                "not_resources": [],
                "principals": [],
                "resources": [
                  "*"
                ],
                "sid": ""
              }
            ],
            "version": "2012-10-17"
          },
          "sensitive_attributes": []
        }
      ]
    },
    {
      "module": "module.lambda_function_points_pred_dynamodb",
      "mode": "data",
      "type": "aws_iam_policy_document",
      "name": "lambda_secrets_manager_policy",
      "provider": "provider[\"registry.terraform.io/hashicorp/aws\"]",
      "instances": [
        {
          "schema_version": 0,
          "attributes": {
            "id": "4292831446",
            "json": "{\n  \"Version\": \"2012-10-17\",\n  \"Statement\": [\n    {\n      \"Effect\": \"Allow\",\n      \"Action\": [\n        \"secretsmanager:GetSecretValue\",\n        \"secretsmanager:DescribeSecret\"\n      ],\n      \"Resource\": \"arn:aws:secretsmanager:eu-west-2:264673220706:secret:rds_secrets-P26F8L\"\n    }\n  ]\n}",
            "override_json": null,
            "override_policy_documents": null,
            "policy_id": null,
            "source_json": null,
            "source_policy_documents": null,
            "statement": [
              {
                "actions": [
                  "secretsmanager:DescribeSecret",
                  "secretsmanager:GetSecretValue"
                ],
                "condition": [],
                "effect": "Allow",
                "not_actions": [],
                "not_principals": [],
                "not_resources": [],
                "principals": [],
                "resources": [
                  "arn:aws:secretsmanager:eu-west-2:264673220706:secret:rds_secrets-P26F8L"
                ],
                "sid": ""
              }
            ],
            "version": "2012-10-17"
          },
          "sensitive_attributes": []
        }
      ]
    },
    {
      "module": "module.lambda_function_points_pred_dynamodb",
      "mode": "managed",
      "type": "aws_iam_policy",
      "name": "lambda_dynamodb_policy",
      "provider": "provider[\"registry.terraform.io/hashicorp/aws\"]",
      "instances": [
        {
          "index_key": 0,
          "schema_version": 0,
          "attributes": {
            "arn": "arn:aws:iam::264673220706:policy/lambda_dynamodb_policy",
            "description": "",
            "id": "arn:aws:iam::264673220706:policy/lambda_dynamodb_policy",
            "name": "lambda_dynamodb_policy",
            "name_prefix": "",
            "path": "/",
            "policy": "{\"Statement\":[{\"Action\":\"dynamodb:PutItem\",\"Effect\":\"Allow\",\"Resource\":\"arn:aws:dynamodb:eu-west-2:264673220706:table/player_points_predictions\"}],\"Version\":\"2012-10-17\"}",
            "policy_id": "ANPAT3H6A3BRD3MEJWXBF",
            "tags": {},
            "tags_all": {}
          },
          "sensitive_attributes": [],
          "private": "bnVsbA==",
          "dependencies": [
            "module.dynamodb_player_points.aws_dynamodb_table.dynamodb_table",
            "module.lambda_function_points_pred_dynamodb.data.aws_iam_policy_document.dynamodb_policy"
          ]
        }
      ]
    },
    {
      "module": "module.lambda_function_points_pred_dynamodb",
      "mode": "managed",
      "type": "aws_iam_policy",
      "name": "lambda_logging",
      "provider": "provider[\"registry.terraform.io/hashicorp/aws\"]",
      "instances": [
        {
          "schema_version": 0,
          "attributes": {
            "arn": "arn:aws:iam::264673220706:policy/fpl_points_pred_dynamodb_logging",
            "description": "",
            "id": "arn:aws:iam::264673220706:policy/fpl_points_pred_dynamodb_logging",
            "name": "fpl_points_pred_dynamodb_logging",
            "name_prefix": "",
            "path": "/",
            "policy": "{\"Statement\":[{\"Action\":[\"logs:PutLogEvents\",\"logs:CreateLogStream\",\"logs:CreateLogGroup\"],\"Effect\":\"Allow\",\"Resource\":\"arn:aws:logs:*:*:*\"}],\"Version\":\"2012-10-17\"}",
            "policy_id": "ANPAT3H6A3BRLEGPUCNYG",
            "tags": {},
            "tags_all": {}
          },
          "sensitive_attributes": [],
          "private": "bnVsbA==",
          "dependencies": [
            "module.lambda_function_points_pred_dynamodb.data.aws_iam_policy_document.lambda_logging"
          ]
        }
      ]
    },
    {
      "module": "module.lambda_function_points_pred_dynamodb",
      "mode": "managed",
      "type": "aws_iam_policy",
      "name": "lambda_rds_policy",
      "provider": "provider[\"registry.terraform.io/hashicorp/aws\"]",
      "instances": [
        {
          "schema_version": 0,
          "attributes": {
            "arn": "arn:aws:iam::264673220706:policy/fpl_points_pred_dynamodb_rds_execution_policy",
            "description": "A policy that allows lambda functions to access RDS.",
            "id": "arn:aws:iam::264673220706:policy/fpl_points_pred_dynamodb_rds_execution_policy",
            "name": "fpl_points_pred_dynamodb_rds_execution_policy",
            "name_prefix": "",
            "path": "/",
            "policy": "{\"Statement\":[{\"Action\":\"rds-db:connect\",\"Effect\":\"Allow\",\"Resource\":\"*\"}],\"Version\":\"2012-10-17\"}",
            "policy_id": "ANPAT3H6A3BRCGKMI2OCO",
            "tags": {},
            "tags_all": {}
          },
          "sensitive_attributes": [],
          "private": "bnVsbA==",
          "dependencies": [
            "module.lambda_function_points_pred_dynamodb.data.aws_iam_policy_document.lambda_rds_policy_doc"
          ]
        }
      ]
    },
    {
      "module": "module.lambda_function_points_pred_dynamodb",
      "mode": "managed",
      "type": "aws_iam_policy",
      "name": "lambda_secrets_manager_policy",
      "provider": "provider[\"registry.terraform.io/hashicorp/aws\"]",
      "instances": [
        {
          "schema_version": 0,
          "attributes": {
            "arn": "arn:aws:iam::264673220706:policy/fpl_points_pred_dynamodb_secrets_manager_policy",
            "description": "IAM policy for Lambda to access Secrets Manager",
            "id": "arn:aws:iam::264673220706:policy/fpl_points_pred_dynamodb_secrets_manager_policy",
            "name": "fpl_points_pred_dynamodb_secrets_manager_policy",
            "name_prefix": "",
            "path": "/",
            "policy": "{\"Statement\":[{\"Action\":[\"secretsmanager:GetSecretValue\",\"secretsmanager:DescribeSecret\"],\"Effect\":\"Allow\",\"Resource\":\"arn:aws:secretsmanager:eu-west-2:264673220706:secret:rds_secrets-P26F8L\"}],\"Version\":\"2012-10-17\"}",
            "policy_id": "ANPAT3H6A3BRHJWEJ2MBN",
            "tags": {},
            "tags_all": {}
          },
          "sensitive_attributes": [],
          "private": "bnVsbA==",
          "dependencies": [
            "module.lambda_function_points_pred_dynamodb.data.aws_iam_policy_document.lambda_secrets_manager_policy"
          ]
        }
      ]
    },
    {
      "module": "module.lambda_function_points_pred_dynamodb",
      "mode": "managed",
      "type": "aws_iam_role",
      "name": "lambda_execution_role",
      "provider": "provider[\"registry.terraform.io/hashicorp/aws\"]",
      "instances": [
        {
          "schema_version": 0,
          "attributes": {
            "arn": "arn:aws:iam::264673220706:role/fpl_points_pred_dynamodb_execution_role",
            "assume_role_policy": "{\"Statement\":[{\"Action\":\"sts:AssumeRole\",\"Effect\":\"Allow\",\"Principal\":{\"Service\":\"lambda.amazonaws.com\"}}],\"Version\":\"2012-10-17\"}",
            "create_date": "2024-05-08T22:31:14Z",
            "description": "",
            "force_detach_policies": false,
            "id": "fpl_points_pred_dynamodb_execution_role",
            "inline_policy": [],
            "managed_policy_arns": [
              "arn:aws:iam::264673220706:policy/fpl_points_pred_dynamodb_logging",
              "arn:aws:iam::264673220706:policy/fpl_points_pred_dynamodb_rds_execution_policy",
              "arn:aws:iam::264673220706:policy/fpl_points_pred_dynamodb_secrets_manager_policy",
              "arn:aws:iam::264673220706:policy/lambda_dynamodb_policy"
            ],
            "max_session_duration": 3600,
            "name": "fpl_points_pred_dynamodb_execution_role",
            "name_prefix": "",
            "path": "/",
            "permissions_boundary": "",
            "tags": {},
            "tags_all": {},
            "unique_id": "AROAT3H6A3BRATJGXIKSF"
          },
          "sensitive_attributes": [],
          "private": "bnVsbA=="
        }
      ]
    },
    {
      "module": "module.lambda_function_points_pred_dynamodb",
      "mode": "managed",
      "type": "aws_iam_role_policy_attachment",
      "name": "lambda_dynamodb_attachment",
      "provider": "provider[\"registry.terraform.io/hashicorp/aws\"]",
      "instances": [
        {
          "index_key": 0,
          "schema_version": 0,
          "attributes": {
            "id": "fpl_points_pred_dynamodb_execution_role-20240509094518962300000001",
            "policy_arn": "arn:aws:iam::264673220706:policy/lambda_dynamodb_policy",
            "role": "fpl_points_pred_dynamodb_execution_role"
          },
          "sensitive_attributes": [],
          "private": "bnVsbA==",
          "dependencies": [
            "module.dynamodb_player_points.aws_dynamodb_table.dynamodb_table",
            "module.lambda_function_points_pred_dynamodb.aws_iam_policy.lambda_dynamodb_policy",
            "module.lambda_function_points_pred_dynamodb.aws_iam_role.lambda_execution_role",
            "module.lambda_function_points_pred_dynamodb.data.aws_iam_policy_document.dynamodb_policy"
          ]
        }
      ]
    },
    {
      "module": "module.lambda_function_points_pred_dynamodb",
      "mode": "managed",
      "type": "aws_iam_role_policy_attachment",
      "name": "lambda_logs",
      "provider": "provider[\"registry.terraform.io/hashicorp/aws\"]",
      "instances": [
        {
          "schema_version": 0,
          "attributes": {
            "id": "fpl_points_pred_dynamodb_execution_role-20240508223115354200000001",
            "policy_arn": "arn:aws:iam::264673220706:policy/fpl_points_pred_dynamodb_logging",
            "role": "fpl_points_pred_dynamodb_execution_role"
          },
          "sensitive_attributes": [],
          "private": "bnVsbA==",
          "dependencies": [
            "module.lambda_function_points_pred_dynamodb.aws_iam_policy.lambda_logging",
            "module.lambda_function_points_pred_dynamodb.aws_iam_role.lambda_execution_role",
            "module.lambda_function_points_pred_dynamodb.data.aws_iam_policy_document.lambda_logging"
          ]
        }
      ]
    },
    {
      "module": "module.lambda_function_points_pred_dynamodb",
      "mode": "managed",
      "type": "aws_iam_role_policy_attachment",
      "name": "lambda_rds",
      "provider": "provider[\"registry.terraform.io/hashicorp/aws\"]",
      "instances": [
        {
          "schema_version": 0,
          "attributes": {
            "id": "fpl_points_pred_dynamodb_execution_role-20240508223115399300000003",
            "policy_arn": "arn:aws:iam::264673220706:policy/fpl_points_pred_dynamodb_rds_execution_policy",
            "role": "fpl_points_pred_dynamodb_execution_role"
          },
          "sensitive_attributes": [],
          "private": "bnVsbA==",
          "dependencies": [
            "module.lambda_function_points_pred_dynamodb.aws_iam_policy.lambda_rds_policy",
            "module.lambda_function_points_pred_dynamodb.aws_iam_role.lambda_execution_role",
            "module.lambda_function_points_pred_dynamodb.data.aws_iam_policy_document.lambda_rds_policy_doc"
          ]
        }
      ]
    },
    {
      "module": "module.lambda_function_points_pred_dynamodb",
      "mode": "managed",
      "type": "aws_iam_role_policy_attachment",
      "name": "lambda_secrets_manager_attach",
      "provider": "provider[\"registry.terraform.io/hashicorp/aws\"]",
      "instances": [
        {
          "schema_version": 0,
          "attributes": {
            "id": "fpl_points_pred_dynamodb_execution_role-20240508223115392700000002",
            "policy_arn": "arn:aws:iam::264673220706:policy/fpl_points_pred_dynamodb_secrets_manager_policy",
            "role": "fpl_points_pred_dynamodb_execution_role"
          },
          "sensitive_attributes": [],
          "private": "bnVsbA==",
          "dependencies": [
            "module.lambda_function_points_pred_dynamodb.aws_iam_policy.lambda_secrets_manager_policy",
            "module.lambda_function_points_pred_dynamodb.aws_iam_role.lambda_execution_role",
            "module.lambda_function_points_pred_dynamodb.data.aws_iam_policy_document.lambda_secrets_manager_policy"
          ]
        }
      ]
    },
    {
      "module": "module.lambda_function_points_pred_dynamodb",
      "mode": "managed",
      "type": "aws_lambda_function",
      "name": "lambda_function",
      "provider": "provider[\"registry.terraform.io/hashicorp/aws\"]",
      "instances": [
        {
          "schema_version": 0,
          "attributes": {
            "architectures": [
              "x86_64"
            ],
            "arn": "arn:aws:lambda:eu-west-2:264673220706:function:fpl_points_pred_dynamodb",
            "code_signing_config_arn": "",
            "dead_letter_config": [],
            "description": "",
            "environment": [],
            "ephemeral_storage": [
              {
                "size": 512
              }
            ],
            "file_system_config": [],
            "filename": null,
            "function_name": "fpl_points_pred_dynamodb",
            "handler": "",
            "id": "fpl_points_pred_dynamodb",
            "image_config": [],
            "image_uri": "264673220706.dkr.ecr.eu-west-2.amazonaws.com/lambda-points-pred-dynamo:latest",
            "invoke_arn": "arn:aws:apigateway:eu-west-2:lambda:path/2015-03-31/functions/arn:aws:lambda:eu-west-2:264673220706:function:fpl_points_pred_dynamodb/invocations",
            "kms_key_arn": "",
            "last_modified": "2024-05-09T10:00:11.000+0000",
            "layers": [],
            "logging_config": [
              {
                "application_log_level": "",
                "log_format": "Text",
                "log_group": "/aws/lambda/fpl_points_pred_dynamodb",
                "system_log_level": ""
              }
            ],
            "memory_size": 256,
            "package_type": "Image",
            "publish": false,
            "qualified_arn": "arn:aws:lambda:eu-west-2:264673220706:function:fpl_points_pred_dynamodb:$LATEST",
            "qualified_invoke_arn": "arn:aws:apigateway:eu-west-2:lambda:path/2015-03-31/functions/arn:aws:lambda:eu-west-2:264673220706:function:fpl_points_pred_dynamodb:$LATEST/invocations",
            "replace_security_groups_on_destroy": null,
            "replacement_security_group_ids": null,
            "reserved_concurrent_executions": -1,
            "role": "arn:aws:iam::264673220706:role/fpl_points_pred_dynamodb_execution_role",
            "runtime": "",
            "s3_bucket": null,
            "s3_key": null,
            "s3_object_version": null,
            "signing_job_arn": "",
            "signing_profile_version_arn": "",
            "skip_destroy": false,
            "snap_start": [],
            "source_code_hash": "60974b9ba61a8b5049f75e44f025e2744948868458526fba61eeafdeb46833d2",
            "source_code_size": 0,
            "tags": {},
            "tags_all": {},
            "timeout": 600,
            "timeouts": null,
            "tracing_config": [
              {
                "mode": "PassThrough"
              }
            ],
            "version": "$LATEST",
            "vpc_config": []
          },
          "sensitive_attributes": [],
          "private": "eyJlMmJmYjczMC1lY2FhLTExZTYtOGY4OC0zNDM2M2JjN2M0YzAiOnsiY3JlYXRlIjo2MDAwMDAwMDAwMDAsImRlbGV0ZSI6NjAwMDAwMDAwMDAwLCJ1cGRhdGUiOjYwMDAwMDAwMDAwMH19",
          "dependencies": [
            "module.ecr_repo_lambda_points_pred_dynamo.aws_ecr_repository.ecr_repository",
            "module.lambda_function_points_pred_dynamodb.aws_iam_role.lambda_execution_role"
          ]
        }
      ]
    },
    {
      "module": "module.lambda_function_points_prediction",
      "mode": "data",
      "type": "aws_iam_policy_document",
      "name": "dynamodb_policy",
      "provider": "provider[\"registry.terraform.io/hashicorp/aws\"]",
      "instances": [
        {
          "schema_version": 0,
          "attributes": {
            "id": "3528090608",
            "json": "{\n  \"Version\": \"2012-10-17\",\n  \"Statement\": [\n    {\n      \"Effect\": \"Allow\",\n      \"Action\": \"dynamodb:PutItem\",\n      \"Resource\": \"\"\n    }\n  ]\n}",
            "override_json": null,
            "override_policy_documents": null,
            "policy_id": null,
            "source_json": null,
            "source_policy_documents": null,
            "statement": [
              {
                "actions": [
                  "dynamodb:PutItem"
                ],
                "condition": [],
                "effect": "Allow",
                "not_actions": [],
                "not_principals": [],
                "not_resources": [],
                "principals": [],
                "resources": [
                  ""
                ],
                "sid": ""
              }
            ],
            "version": "2012-10-17"
          },
          "sensitive_attributes": []
        }
      ]
    },
    {
      "module": "module.lambda_function_points_prediction",
      "mode": "data",
      "type": "aws_iam_policy_document",
      "name": "lambda_logging",
      "provider": "provider[\"registry.terraform.io/hashicorp/aws\"]",
      "instances": [
        {
          "schema_version": 0,
          "attributes": {
            "id": "16712114",
            "json": "{\n  \"Version\": \"2012-10-17\",\n  \"Statement\": [\n    {\n      \"Effect\": \"Allow\",\n      \"Action\": [\n        \"logs:PutLogEvents\",\n        \"logs:CreateLogStream\",\n        \"logs:CreateLogGroup\"\n      ],\n      \"Resource\": \"arn:aws:logs:*:*:*\"\n    }\n  ]\n}",
            "override_json": null,
            "override_policy_documents": null,
            "policy_id": null,
            "source_json": null,
            "source_policy_documents": null,
            "statement": [
              {
                "actions": [
                  "logs:CreateLogGroup",
                  "logs:CreateLogStream",
                  "logs:PutLogEvents"
                ],
                "condition": [],
                "effect": "Allow",
                "not_actions": [],
                "not_principals": [],
                "not_resources": [],
                "principals": [],
                "resources": [
                  "arn:aws:logs:*:*:*"
                ],
                "sid": ""
              }
            ],
            "version": "2012-10-17"
          },
          "sensitive_attributes": []
        }
      ]
    },
    {
      "module": "module.lambda_function_points_prediction",
      "mode": "data",
      "type": "aws_iam_policy_document",
      "name": "lambda_rds_policy_doc",
      "provider": "provider[\"registry.terraform.io/hashicorp/aws\"]",
      "instances": [
        {
          "schema_version": 0,
          "attributes": {
            "id": "1910694912",
            "json": "{\n  \"Version\": \"2012-10-17\",\n  \"Statement\": [\n    {\n      \"Effect\": \"Allow\",\n      \"Action\": \"rds-db:connect\",\n      \"Resource\": \"*\"\n    }\n  ]\n}",
            "override_json": null,
            "override_policy_documents": null,
            "policy_id": null,
            "source_json": null,
            "source_policy_documents": null,
            "statement": [
              {
                "actions": [
                  "rds-db:connect"
                ],
                "condition": [],
                "effect": "Allow",
                "not_actions": [],
                "not_principals": [],
                "not_resources": [],
                "principals": [],
                "resources": [
                  "*"
                ],
                "sid": ""
              }
            ],
            "version": "2012-10-17"
          },
          "sensitive_attributes": []
        }
      ]
    },
    {
      "module": "module.lambda_function_points_prediction",
      "mode": "data",
      "type": "aws_iam_policy_document",
      "name": "lambda_secrets_manager_policy",
      "provider": "provider[\"registry.terraform.io/hashicorp/aws\"]",
      "instances": [
        {
          "schema_version": 0,
          "attributes": {
            "id": "4292831446",
            "json": "{\n  \"Version\": \"2012-10-17\",\n  \"Statement\": [\n    {\n      \"Effect\": \"Allow\",\n      \"Action\": [\n        \"secretsmanager:GetSecretValue\",\n        \"secretsmanager:DescribeSecret\"\n      ],\n      \"Resource\": \"arn:aws:secretsmanager:eu-west-2:264673220706:secret:rds_secrets-P26F8L\"\n    }\n  ]\n}",
            "override_json": null,
            "override_policy_documents": null,
            "policy_id": null,
            "source_json": null,
            "source_policy_documents": null,
            "statement": [
              {
                "actions": [
                  "secretsmanager:DescribeSecret",
                  "secretsmanager:GetSecretValue"
                ],
                "condition": [],
                "effect": "Allow",
                "not_actions": [],
                "not_principals": [],
                "not_resources": [],
                "principals": [],
                "resources": [
                  "arn:aws:secretsmanager:eu-west-2:264673220706:secret:rds_secrets-P26F8L"
                ],
                "sid": ""
              }
            ],
            "version": "2012-10-17"
          },
          "sensitive_attributes": []
        }
      ]
    },
    {
      "module": "module.lambda_function_points_prediction",
      "mode": "managed",
      "type": "aws_iam_policy",
      "name": "lambda_logging",
      "provider": "provider[\"registry.terraform.io/hashicorp/aws\"]",
      "instances": [
        {
          "schema_version": 0,
          "attributes": {
            "arn": "arn:aws:iam::264673220706:policy/fpl_points_prediction_logging",
            "description": "",
            "id": "arn:aws:iam::264673220706:policy/fpl_points_prediction_logging",
            "name": "fpl_points_prediction_logging",
            "name_prefix": "",
            "path": "/",
            "policy": "{\"Statement\":[{\"Action\":[\"logs:PutLogEvents\",\"logs:CreateLogStream\",\"logs:CreateLogGroup\"],\"Effect\":\"Allow\",\"Resource\":\"arn:aws:logs:*:*:*\"}],\"Version\":\"2012-10-17\"}",
            "policy_id": "ANPAT3H6A3BRK3S5LAD4R",
            "tags": {},
            "tags_all": {}
          },
          "sensitive_attributes": [],
          "private": "bnVsbA==",
          "dependencies": [
            "module.lambda_function_points_prediction.data.aws_iam_policy_document.lambda_logging"
          ]
        }
      ]
    },
    {
      "module": "module.lambda_function_points_prediction",
      "mode": "managed",
      "type": "aws_iam_policy",
      "name": "lambda_rds_policy",
      "provider": "provider[\"registry.terraform.io/hashicorp/aws\"]",
      "instances": [
        {
          "schema_version": 0,
          "attributes": {
            "arn": "arn:aws:iam::264673220706:policy/fpl_points_prediction_rds_execution_policy",
            "description": "A policy that allows lambda functions to access RDS.",
            "id": "arn:aws:iam::264673220706:policy/fpl_points_prediction_rds_execution_policy",
            "name": "fpl_points_prediction_rds_execution_policy",
            "name_prefix": "",
            "path": "/",
            "policy": "{\"Statement\":[{\"Action\":\"rds-db:connect\",\"Effect\":\"Allow\",\"Resource\":\"*\"}],\"Version\":\"2012-10-17\"}",
            "policy_id": "ANPAT3H6A3BRMFGOLXIYA",
            "tags": {},
            "tags_all": {}
          },
          "sensitive_attributes": [],
          "private": "bnVsbA==",
          "dependencies": [
            "module.lambda_function_points_prediction.data.aws_iam_policy_document.lambda_rds_policy_doc"
          ]
        }
      ]
    },
    {
      "module": "module.lambda_function_points_prediction",
      "mode": "managed",
      "type": "aws_iam_policy",
      "name": "lambda_secrets_manager_policy",
      "provider": "provider[\"registry.terraform.io/hashicorp/aws\"]",
      "instances": [
        {
          "schema_version": 0,
          "attributes": {
            "arn": "arn:aws:iam::264673220706:policy/fpl_points_prediction_secrets_manager_policy",
            "description": "IAM policy for Lambda to access Secrets Manager",
            "id": "arn:aws:iam::264673220706:policy/fpl_points_prediction_secrets_manager_policy",
            "name": "fpl_points_prediction_secrets_manager_policy",
            "name_prefix": "",
            "path": "/",
            "policy": "{\"Statement\":[{\"Action\":[\"secretsmanager:GetSecretValue\",\"secretsmanager:DescribeSecret\"],\"Effect\":\"Allow\",\"Resource\":\"arn:aws:secretsmanager:eu-west-2:264673220706:secret:rds_secrets-P26F8L\"}],\"Version\":\"2012-10-17\"}",
            "policy_id": "ANPAT3H6A3BRHQMN475O7",
            "tags": {},
            "tags_all": {}
          },
          "sensitive_attributes": [],
          "private": "bnVsbA==",
          "dependencies": [
            "module.lambda_function_points_prediction.data.aws_iam_policy_document.lambda_secrets_manager_policy"
          ]
        }
      ]
    },
    {
      "module": "module.lambda_function_points_prediction",
      "mode": "managed",
      "type": "aws_iam_role",
      "name": "lambda_execution_role",
      "provider": "provider[\"registry.terraform.io/hashicorp/aws\"]",
      "instances": [
        {
          "schema_version": 0,
          "attributes": {
            "arn": "arn:aws:iam::264673220706:role/fpl_points_prediction_execution_role",
            "assume_role_policy": "{\"Statement\":[{\"Action\":\"sts:AssumeRole\",\"Effect\":\"Allow\",\"Principal\":{\"Service\":\"lambda.amazonaws.com\"}}],\"Version\":\"2012-10-17\"}",
            "create_date": "2024-05-07T21:02:59Z",
            "description": "",
            "force_detach_policies": false,
            "id": "fpl_points_prediction_execution_role",
            "inline_policy": [],
            "managed_policy_arns": [
              "arn:aws:iam::264673220706:policy/fpl_points_prediction_logging",
              "arn:aws:iam::264673220706:policy/fpl_points_prediction_rds_execution_policy",
              "arn:aws:iam::264673220706:policy/fpl_points_prediction_secrets_manager_policy"
            ],
            "max_session_duration": 3600,
            "name": "fpl_points_prediction_execution_role",
            "name_prefix": "",
            "path": "/",
            "permissions_boundary": "",
            "tags": {},
            "tags_all": {},
            "unique_id": "AROAT3H6A3BRBVWIZVAB4"
          },
          "sensitive_attributes": [],
          "private": "bnVsbA=="
        }
      ]
    },
    {
      "module": "module.lambda_function_points_prediction",
      "mode": "managed",
      "type": "aws_iam_role_policy_attachment",
      "name": "lambda_logs",
      "provider": "provider[\"registry.terraform.io/hashicorp/aws\"]",
      "instances": [
        {
          "schema_version": 0,
          "attributes": {
            "id": "fpl_points_prediction_execution_role-20240507210259998800000002",
            "policy_arn": "arn:aws:iam::264673220706:policy/fpl_points_prediction_logging",
            "role": "fpl_points_prediction_execution_role"
          },
          "sensitive_attributes": [],
          "private": "bnVsbA==",
          "dependencies": [
            "module.lambda_function_points_prediction.aws_iam_policy.lambda_logging",
            "module.lambda_function_points_prediction.aws_iam_role.lambda_execution_role",
            "module.lambda_function_points_prediction.data.aws_iam_policy_document.lambda_logging"
          ]
        }
      ]
    },
    {
      "module": "module.lambda_function_points_prediction",
      "mode": "managed",
      "type": "aws_iam_role_policy_attachment",
      "name": "lambda_rds",
      "provider": "provider[\"registry.terraform.io/hashicorp/aws\"]",
      "instances": [
        {
          "schema_version": 0,
          "attributes": {
            "id": "fpl_points_prediction_execution_role-20240507210259947700000001",
            "policy_arn": "arn:aws:iam::264673220706:policy/fpl_points_prediction_rds_execution_policy",
            "role": "fpl_points_prediction_execution_role"
          },
          "sensitive_attributes": [],
          "private": "bnVsbA==",
          "dependencies": [
            "module.lambda_function_points_prediction.aws_iam_policy.lambda_rds_policy",
            "module.lambda_function_points_prediction.aws_iam_role.lambda_execution_role",
            "module.lambda_function_points_prediction.data.aws_iam_policy_document.lambda_rds_policy_doc"
          ]
        }
      ]
    },
    {
      "module": "module.lambda_function_points_prediction",
      "mode": "managed",
      "type": "aws_iam_role_policy_attachment",
      "name": "lambda_secrets_manager_attach",
      "provider": "provider[\"registry.terraform.io/hashicorp/aws\"]",
      "instances": [
        {
          "schema_version": 0,
          "attributes": {
            "id": "fpl_points_prediction_execution_role-20240507210300031600000003",
            "policy_arn": "arn:aws:iam::264673220706:policy/fpl_points_prediction_secrets_manager_policy",
            "role": "fpl_points_prediction_execution_role"
          },
          "sensitive_attributes": [],
          "private": "bnVsbA==",
          "dependencies": [
            "module.lambda_function_points_prediction.aws_iam_policy.lambda_secrets_manager_policy",
            "module.lambda_function_points_prediction.aws_iam_role.lambda_execution_role",
            "module.lambda_function_points_prediction.data.aws_iam_policy_document.lambda_secrets_manager_policy"
          ]
        }
      ]
    },
    {
      "module": "module.lambda_function_points_prediction",
      "mode": "managed",
      "type": "aws_lambda_function",
      "name": "lambda_function",
      "provider": "provider[\"registry.terraform.io/hashicorp/aws\"]",
      "instances": [
        {
          "schema_version": 0,
          "attributes": {
            "architectures": [
              "x86_64"
            ],
            "arn": "arn:aws:lambda:eu-west-2:264673220706:function:fpl_points_prediction",
            "code_signing_config_arn": "",
            "dead_letter_config": [],
            "description": "",
            "environment": [],
            "ephemeral_storage": [
              {
                "size": 512
              }
            ],
            "file_system_config": [],
            "filename": null,
            "function_name": "fpl_points_prediction",
            "handler": "",
            "id": "fpl_points_prediction",
            "image_config": [],
            "image_uri": "264673220706.dkr.ecr.eu-west-2.amazonaws.com/lambda-points-prediction:latest",
            "invoke_arn": "arn:aws:apigateway:eu-west-2:lambda:path/2015-03-31/functions/arn:aws:lambda:eu-west-2:264673220706:function:fpl_points_prediction/invocations",
            "kms_key_arn": "",
            "last_modified": "2024-05-08T14:58:34.000+0000",
            "layers": [],
            "logging_config": [
              {
                "application_log_level": "",
                "log_format": "Text",
                "log_group": "/aws/lambda/fpl_points_prediction",
                "system_log_level": ""
              }
            ],
            "memory_size": 2048,
            "package_type": "Image",
            "publish": false,
            "qualified_arn": "arn:aws:lambda:eu-west-2:264673220706:function:fpl_points_prediction:$LATEST",
            "qualified_invoke_arn": "arn:aws:apigateway:eu-west-2:lambda:path/2015-03-31/functions/arn:aws:lambda:eu-west-2:264673220706:function:fpl_points_prediction:$LATEST/invocations",
            "replace_security_groups_on_destroy": null,
            "replacement_security_group_ids": null,
            "reserved_concurrent_executions": -1,
            "role": "arn:aws:iam::264673220706:role/fpl_points_prediction_execution_role",
            "runtime": "",
            "s3_bucket": null,
            "s3_key": null,
            "s3_object_version": null,
            "signing_job_arn": "",
            "signing_profile_version_arn": "",
            "skip_destroy": false,
            "snap_start": [],
            "source_code_hash": "b6afaeb621250c952b50e9d9938e11ccf3478eed6b401716ce75fcd785b137ca",
            "source_code_size": 0,
            "tags": {},
            "tags_all": {},
            "timeout": 600,
            "timeouts": null,
            "tracing_config": [
              {
                "mode": "PassThrough"
              }
            ],
            "version": "$LATEST",
            "vpc_config": []
          },
          "sensitive_attributes": [],
          "private": "eyJlMmJmYjczMC1lY2FhLTExZTYtOGY4OC0zNDM2M2JjN2M0YzAiOnsiY3JlYXRlIjo2MDAwMDAwMDAwMDAsImRlbGV0ZSI6NjAwMDAwMDAwMDAwLCJ1cGRhdGUiOjYwMDAwMDAwMDAwMH19",
          "dependencies": [
            "module.ecr_repo_lambda_points_prediction.aws_ecr_repository.ecr_repository",
            "module.lambda_function_points_prediction.aws_iam_role.lambda_execution_role"
          ]
        }
      ]
    },
    {
      "module": "module.lambda_function_transform",
      "mode": "data",
      "type": "aws_iam_policy_document",
      "name": "dynamodb_policy",
      "provider": "provider[\"registry.terraform.io/hashicorp/aws\"]",
      "instances": [
        {
          "schema_version": 0,
          "attributes": {
            "id": "3528090608",
            "json": "{\n  \"Version\": \"2012-10-17\",\n  \"Statement\": [\n    {\n      \"Effect\": \"Allow\",\n      \"Action\": \"dynamodb:PutItem\",\n      \"Resource\": \"\"\n    }\n  ]\n}",
            "override_json": null,
            "override_policy_documents": null,
            "policy_id": null,
            "source_json": null,
            "source_policy_documents": null,
            "statement": [
              {
                "actions": [
                  "dynamodb:PutItem"
                ],
                "condition": [],
                "effect": "Allow",
                "not_actions": [],
                "not_principals": [],
                "not_resources": [],
                "principals": [],
                "resources": [
                  ""
                ],
                "sid": ""
              }
            ],
            "version": "2012-10-17"
          },
          "sensitive_attributes": []
        }
      ]
    },
    {
      "module": "module.lambda_function_transform",
      "mode": "data",
      "type": "aws_iam_policy_document",
      "name": "lambda_logging",
      "provider": "provider[\"registry.terraform.io/hashicorp/aws\"]",
      "instances": [
        {
          "schema_version": 0,
          "attributes": {
            "id": "16712114",
            "json": "{\n  \"Version\": \"2012-10-17\",\n  \"Statement\": [\n    {\n      \"Effect\": \"Allow\",\n      \"Action\": [\n        \"logs:PutLogEvents\",\n        \"logs:CreateLogStream\",\n        \"logs:CreateLogGroup\"\n      ],\n      \"Resource\": \"arn:aws:logs:*:*:*\"\n    }\n  ]\n}",
            "override_json": null,
            "override_policy_documents": null,
            "policy_id": null,
            "source_json": null,
            "source_policy_documents": null,
            "statement": [
              {
                "actions": [
                  "logs:CreateLogGroup",
                  "logs:CreateLogStream",
                  "logs:PutLogEvents"
                ],
                "condition": [],
                "effect": "Allow",
                "not_actions": [],
                "not_principals": [],
                "not_resources": [],
                "principals": [],
                "resources": [
                  "arn:aws:logs:*:*:*"
                ],
                "sid": ""
              }
            ],
            "version": "2012-10-17"
          },
          "sensitive_attributes": []
        }
      ]
    },
    {
      "module": "module.lambda_function_transform",
      "mode": "data",
      "type": "aws_iam_policy_document",
      "name": "lambda_rds_policy_doc",
      "provider": "provider[\"registry.terraform.io/hashicorp/aws\"]",
      "instances": [
        {
          "schema_version": 0,
          "attributes": {
            "id": "1910694912",
            "json": "{\n  \"Version\": \"2012-10-17\",\n  \"Statement\": [\n    {\n      \"Effect\": \"Allow\",\n      \"Action\": \"rds-db:connect\",\n      \"Resource\": \"*\"\n    }\n  ]\n}",
            "override_json": null,
            "override_policy_documents": null,
            "policy_id": null,
            "source_json": null,
            "source_policy_documents": null,
            "statement": [
              {
                "actions": [
                  "rds-db:connect"
                ],
                "condition": [],
                "effect": "Allow",
                "not_actions": [],
                "not_principals": [],
                "not_resources": [],
                "principals": [],
                "resources": [
                  "*"
                ],
                "sid": ""
              }
            ],
            "version": "2012-10-17"
          },
          "sensitive_attributes": []
        }
      ]
    },
    {
      "module": "module.lambda_function_transform",
      "mode": "data",
      "type": "aws_iam_policy_document",
      "name": "lambda_secrets_manager_policy",
      "provider": "provider[\"registry.terraform.io/hashicorp/aws\"]",
      "instances": [
        {
          "schema_version": 0,
          "attributes": {
            "id": "4292831446",
            "json": "{\n  \"Version\": \"2012-10-17\",\n  \"Statement\": [\n    {\n      \"Effect\": \"Allow\",\n      \"Action\": [\n        \"secretsmanager:GetSecretValue\",\n        \"secretsmanager:DescribeSecret\"\n      ],\n      \"Resource\": \"arn:aws:secretsmanager:eu-west-2:264673220706:secret:rds_secrets-P26F8L\"\n    }\n  ]\n}",
            "override_json": null,
            "override_policy_documents": null,
            "policy_id": null,
            "source_json": null,
            "source_policy_documents": null,
            "statement": [
              {
                "actions": [
                  "secretsmanager:DescribeSecret",
                  "secretsmanager:GetSecretValue"
                ],
                "condition": [],
                "effect": "Allow",
                "not_actions": [],
                "not_principals": [],
                "not_resources": [],
                "principals": [],
                "resources": [
                  "arn:aws:secretsmanager:eu-west-2:264673220706:secret:rds_secrets-P26F8L"
                ],
                "sid": ""
              }
            ],
            "version": "2012-10-17"
          },
          "sensitive_attributes": []
        }
      ]
    },
    {
      "module": "module.lambda_function_transform",
      "mode": "managed",
      "type": "aws_iam_policy",
      "name": "lambda_logging",
      "provider": "provider[\"registry.terraform.io/hashicorp/aws\"]",
      "instances": [
        {
          "schema_version": 0,
          "attributes": {
            "arn": "arn:aws:iam::264673220706:policy/fpl_transform_logging",
            "description": "",
            "id": "arn:aws:iam::264673220706:policy/fpl_transform_logging",
            "name": "fpl_transform_logging",
            "name_prefix": "",
            "path": "/",
            "policy": "{\"Statement\":[{\"Action\":[\"logs:PutLogEvents\",\"logs:CreateLogStream\",\"logs:CreateLogGroup\"],\"Effect\":\"Allow\",\"Resource\":\"arn:aws:logs:*:*:*\"}],\"Version\":\"2012-10-17\"}",
            "policy_id": "ANPAT3H6A3BRDG3BLLR6H",
            "tags": {},
            "tags_all": {}
          },
          "sensitive_attributes": [],
          "private": "bnVsbA==",
          "dependencies": [
            "module.lambda_function_transform.data.aws_iam_policy_document.lambda_logging"
          ]
        }
      ]
    },
    {
      "module": "module.lambda_function_transform",
      "mode": "managed",
      "type": "aws_iam_policy",
      "name": "lambda_rds_policy",
      "provider": "provider[\"registry.terraform.io/hashicorp/aws\"]",
      "instances": [
        {
          "schema_version": 0,
          "attributes": {
            "arn": "arn:aws:iam::264673220706:policy/fpl_transform_rds_execution_policy",
            "description": "A policy that allows lambda functions to access RDS.",
            "id": "arn:aws:iam::264673220706:policy/fpl_transform_rds_execution_policy",
            "name": "fpl_transform_rds_execution_policy",
            "name_prefix": "",
            "path": "/",
            "policy": "{\"Statement\":[{\"Action\":\"rds-db:connect\",\"Effect\":\"Allow\",\"Resource\":\"*\"}],\"Version\":\"2012-10-17\"}",
            "policy_id": "ANPAT3H6A3BRNQWQ7OPZN",
            "tags": {},
            "tags_all": {}
          },
          "sensitive_attributes": [],
          "private": "bnVsbA==",
          "dependencies": [
            "module.lambda_function_transform.data.aws_iam_policy_document.lambda_rds_policy_doc"
          ]
        }
      ]
    },
    {
      "module": "module.lambda_function_transform",
      "mode": "managed",
      "type": "aws_iam_policy",
      "name": "lambda_secrets_manager_policy",
      "provider": "provider[\"registry.terraform.io/hashicorp/aws\"]",
      "instances": [
        {
          "schema_version": 0,
          "attributes": {
            "arn": "arn:aws:iam::264673220706:policy/fpl_transform_secrets_manager_policy",
            "description": "IAM policy for Lambda to access Secrets Manager",
            "id": "arn:aws:iam::264673220706:policy/fpl_transform_secrets_manager_policy",
            "name": "fpl_transform_secrets_manager_policy",
            "name_prefix": "",
            "path": "/",
            "policy": "{\"Statement\":[{\"Action\":[\"secretsmanager:GetSecretValue\",\"secretsmanager:DescribeSecret\"],\"Effect\":\"Allow\",\"Resource\":\"arn:aws:secretsmanager:eu-west-2:264673220706:secret:rds_secrets-P26F8L\"}],\"Version\":\"2012-10-17\"}",
            "policy_id": "ANPAT3H6A3BROMUJZAQCG",
            "tags": {},
            "tags_all": {}
          },
          "sensitive_attributes": [],
          "private": "bnVsbA==",
          "dependencies": [
            "module.lambda_function_transform.data.aws_iam_policy_document.lambda_secrets_manager_policy"
          ]
        }
      ]
    },
    {
      "module": "module.lambda_function_transform",
      "mode": "managed",
      "type": "aws_iam_role",
      "name": "lambda_execution_role",
      "provider": "provider[\"registry.terraform.io/hashicorp/aws\"]",
      "instances": [
        {
          "schema_version": 0,
          "attributes": {
            "arn": "arn:aws:iam::264673220706:role/fpl_transform_execution_role",
            "assume_role_policy": "{\"Statement\":[{\"Action\":\"sts:AssumeRole\",\"Effect\":\"Allow\",\"Principal\":{\"Service\":\"lambda.amazonaws.com\"}}],\"Version\":\"2012-10-17\"}",
            "create_date": "2024-04-23T06:04:02Z",
            "description": "",
            "force_detach_policies": false,
            "id": "fpl_transform_execution_role",
            "inline_policy": [],
            "managed_policy_arns": [
              "arn:aws:iam::264673220706:policy/fpl_transform_logging",
              "arn:aws:iam::264673220706:policy/fpl_transform_rds_execution_policy",
              "arn:aws:iam::264673220706:policy/fpl_transform_secrets_manager_policy"
            ],
            "max_session_duration": 3600,
            "name": "fpl_transform_execution_role",
            "name_prefix": "",
            "path": "/",
            "permissions_boundary": "",
            "tags": {},
            "tags_all": {},
            "unique_id": "AROAT3H6A3BRPKMMN6NPJ"
          },
          "sensitive_attributes": [],
          "private": "bnVsbA=="
        }
      ]
    },
    {
      "module": "module.lambda_function_transform",
      "mode": "managed",
      "type": "aws_iam_role_policy_attachment",
      "name": "lambda_logs",
      "provider": "provider[\"registry.terraform.io/hashicorp/aws\"]",
      "instances": [
        {
          "schema_version": 0,
          "attributes": {
            "id": "fpl_transform_execution_role-20240423060403255700000002",
            "policy_arn": "arn:aws:iam::264673220706:policy/fpl_transform_logging",
            "role": "fpl_transform_execution_role"
          },
          "sensitive_attributes": [],
          "private": "bnVsbA==",
          "dependencies": [
            "module.lambda_function_transform.aws_iam_policy.lambda_logging",
            "module.lambda_function_transform.aws_iam_role.lambda_execution_role",
            "module.lambda_function_transform.data.aws_iam_policy_document.lambda_logging"
          ]
        }
      ]
    },
    {
      "module": "module.lambda_function_transform",
      "mode": "managed",
      "type": "aws_iam_role_policy_attachment",
      "name": "lambda_rds",
      "provider": "provider[\"registry.terraform.io/hashicorp/aws\"]",
      "instances": [
        {
          "schema_version": 0,
          "attributes": {
            "id": "fpl_transform_execution_role-20240423061224951600000001",
            "policy_arn": "arn:aws:iam::264673220706:policy/fpl_transform_rds_execution_policy",
            "role": "fpl_transform_execution_role"
          },
          "sensitive_attributes": [],
          "private": "bnVsbA==",
          "dependencies": [
            "module.lambda_function_transform.aws_iam_policy.lambda_rds_policy",
            "module.lambda_function_transform.aws_iam_role.lambda_execution_role",
            "module.lambda_function_transform.data.aws_iam_policy_document.lambda_rds_policy_doc"
          ]
        }
      ]
    },
    {
      "module": "module.lambda_function_transform",
      "mode": "managed",
      "type": "aws_iam_role_policy_attachment",
      "name": "lambda_secrets_manager_attach",
      "provider": "provider[\"registry.terraform.io/hashicorp/aws\"]",
      "instances": [
        {
          "schema_version": 0,
          "attributes": {
            "id": "fpl_transform_execution_role-20240423060403242100000001",
            "policy_arn": "arn:aws:iam::264673220706:policy/fpl_transform_secrets_manager_policy",
            "role": "fpl_transform_execution_role"
          },
          "sensitive_attributes": [],
          "private": "bnVsbA==",
          "dependencies": [
            "module.lambda_function_transform.aws_iam_policy.lambda_secrets_manager_policy",
            "module.lambda_function_transform.aws_iam_role.lambda_execution_role",
            "module.lambda_function_transform.data.aws_iam_policy_document.lambda_secrets_manager_policy"
          ]
        }
      ]
    },
    {
      "module": "module.lambda_function_transform",
      "mode": "managed",
      "type": "aws_lambda_function",
      "name": "lambda_function",
      "provider": "provider[\"registry.terraform.io/hashicorp/aws\"]",
      "instances": [
        {
          "schema_version": 0,
          "attributes": {
            "architectures": [
              "x86_64"
            ],
            "arn": "arn:aws:lambda:eu-west-2:264673220706:function:fpl_transform",
            "code_signing_config_arn": "",
            "dead_letter_config": [],
            "description": "",
            "environment": [],
            "ephemeral_storage": [
              {
                "size": 512
              }
            ],
            "file_system_config": [],
            "filename": null,
            "function_name": "fpl_transform",
            "handler": "",
            "id": "fpl_transform",
            "image_config": [],
            "image_uri": "264673220706.dkr.ecr.eu-west-2.amazonaws.com/lambda-transform:latest",
            "invoke_arn": "arn:aws:apigateway:eu-west-2:lambda:path/2015-03-31/functions/arn:aws:lambda:eu-west-2:264673220706:function:fpl_transform/invocations",
            "kms_key_arn": "",
            "last_modified": "2024-05-07T19:53:08.000+0000",
            "layers": [],
            "logging_config": [
              {
                "application_log_level": "",
                "log_format": "Text",
                "log_group": "/aws/lambda/fpl_transform",
                "system_log_level": ""
              }
            ],
            "memory_size": 1024,
            "package_type": "Image",
            "publish": false,
            "qualified_arn": "arn:aws:lambda:eu-west-2:264673220706:function:fpl_transform:$LATEST",
            "qualified_invoke_arn": "arn:aws:apigateway:eu-west-2:lambda:path/2015-03-31/functions/arn:aws:lambda:eu-west-2:264673220706:function:fpl_transform:$LATEST/invocations",
            "replace_security_groups_on_destroy": null,
            "replacement_security_group_ids": null,
            "reserved_concurrent_executions": -1,
            "role": "arn:aws:iam::264673220706:role/fpl_transform_execution_role",
            "runtime": "",
            "s3_bucket": null,
            "s3_key": null,
            "s3_object_version": null,
            "signing_job_arn": "",
            "signing_profile_version_arn": "",
            "skip_destroy": false,
            "snap_start": [],
            "source_code_hash": "0f893626766de5f73e079b97035a100e0e3da8b6ce13ee870c21876d7992528a",
            "source_code_size": 0,
            "tags": {},
            "tags_all": {},
            "timeout": 600,
            "timeouts": null,
            "tracing_config": [
              {
                "mode": "PassThrough"
              }
            ],
            "version": "$LATEST",
            "vpc_config": []
          },
          "sensitive_attributes": [],
          "private": "eyJlMmJmYjczMC1lY2FhLTExZTYtOGY4OC0zNDM2M2JjN2M0YzAiOnsiY3JlYXRlIjo2MDAwMDAwMDAwMDAsImRlbGV0ZSI6NjAwMDAwMDAwMDAwLCJ1cGRhdGUiOjYwMDAwMDAwMDAwMH19",
          "dependencies": [
            "module.ecr_repo_lambda_transform.aws_ecr_repository.ecr_repository",
            "module.lambda_function_transform.aws_iam_role.lambda_execution_role"
          ]
        }
      ]
    },
    {
      "module": "module.rds_postgres_db",
      "mode": "managed",
      "type": "aws_db_instance",
      "name": "rds_db",
      "provider": "provider[\"registry.terraform.io/hashicorp/aws\"]",
      "instances": [
        {
          "schema_version": 2,
          "attributes": {
            "address": "gn-rds.cibphpkdovpw.eu-west-2.rds.amazonaws.com",
            "allocated_storage": 20,
            "allow_major_version_upgrade": null,
            "apply_immediately": false,
            "arn": "arn:aws:rds:eu-west-2:264673220706:db:gn-rds",
            "auto_minor_version_upgrade": true,
            "availability_zone": "eu-west-2b",
            "backup_retention_period": 0,
            "backup_target": "region",
            "backup_window": "05:19-05:49",
            "blue_green_update": [],
            "ca_cert_identifier": "rds-ca-rsa2048-g1",
            "character_set_name": "",
            "copy_tags_to_snapshot": false,
            "custom_iam_instance_profile": "",
            "customer_owned_ip_enabled": false,
            "db_name": "gn_rds",
            "db_subnet_group_name": "default",
            "delete_automated_backups": true,
            "deletion_protection": false,
            "domain": "",
            "domain_auth_secret_arn": "",
            "domain_dns_ips": [],
            "domain_fqdn": "",
            "domain_iam_role_name": "",
            "domain_ou": "",
            "enabled_cloudwatch_logs_exports": [],
            "endpoint": "gn-rds.cibphpkdovpw.eu-west-2.rds.amazonaws.com:5432",
            "engine": "postgres",
            "engine_version": "16.1",
            "engine_version_actual": "16.1",
            "final_snapshot_identifier": null,
            "hosted_zone_id": "Z1TTGA775OQIYO",
            "iam_database_authentication_enabled": false,
            "id": "db-5MSVNK2QC55SKSKLUHLOJU7WWM",
            "identifier": "gn-rds",
            "identifier_prefix": "",
            "instance_class": "db.t3.micro",
            "iops": 0,
            "kms_key_id": "",
            "latest_restorable_time": "",
            "license_model": "postgresql-license",
            "listener_endpoint": [],
            "maintenance_window": "sun:22:48-sun:23:18",
            "manage_master_user_password": null,
            "master_user_secret": [],
            "master_user_secret_kms_key_id": null,
            "max_allocated_storage": 0,
            "monitoring_interval": 0,
            "monitoring_role_arn": "",
            "multi_az": false,
            "nchar_character_set_name": "",
            "network_type": "IPV4",
            "option_group_name": "default:postgres-16",
            "parameter_group_name": "default.postgres16",
            "password": "postgres1234",
            "performance_insights_enabled": false,
            "performance_insights_kms_key_id": "",
            "performance_insights_retention_period": 0,
            "port": 5432,
            "publicly_accessible": true,
            "replica_mode": "",
            "replicas": [],
            "replicate_source_db": "",
            "resource_id": "db-5MSVNK2QC55SKSKLUHLOJU7WWM",
            "restore_to_point_in_time": [],
            "s3_import": [],
            "skip_final_snapshot": true,
            "snapshot_identifier": null,
            "status": "available",
            "storage_encrypted": false,
            "storage_throughput": 0,
            "storage_type": "gp2",
            "tags": {},
            "tags_all": {},
            "timeouts": null,
            "timezone": "",
            "username": "postgres",
            "vpc_security_group_ids": [
              "sg-0418bfa5f59ee4e63"
            ]
          },
          "sensitive_attributes": [],
          "private": "eyJlMmJmYjczMC1lY2FhLTExZTYtOGY4OC0zNDM2M2JjN2M0YzAiOnsiY3JlYXRlIjoyNDAwMDAwMDAwMDAwLCJkZWxldGUiOjM2MDAwMDAwMDAwMDAsInVwZGF0ZSI6NDgwMDAwMDAwMDAwMH0sInNjaGVtYV92ZXJzaW9uIjoiMiJ9",
          "dependencies": [
            "module.rds_postgres_db.aws_security_group.allow_specific_ip"
          ]
        }
      ]
    },
    {
      "module": "module.rds_postgres_db",
      "mode": "managed",
      "type": "aws_security_group",
      "name": "allow_specific_ip",
      "provider": "provider[\"registry.terraform.io/hashicorp/aws\"]",
      "instances": [
        {
          "schema_version": 1,
          "attributes": {
            "arn": "arn:aws:ec2:eu-west-2:264673220706:security-group/sg-0418bfa5f59ee4e63",
            "description": "Allow traffic from a specific IP to access RDS",
            "egress": [
              {
                "cidr_blocks": [
                  "0.0.0.0/0"
                ],
                "description": "",
                "from_port": 0,
                "ipv6_cidr_blocks": [],
                "prefix_list_ids": [],
                "protocol": "-1",
                "security_groups": [],
                "self": false,
                "to_port": 0
              }
            ],
            "id": "sg-0418bfa5f59ee4e63",
            "ingress": [
              {
                "cidr_blocks": [
                  "86.189.206.136/32",
                  "0.0.0.0/0"
                ],
                "description": "",
                "from_port": 5432,
                "ipv6_cidr_blocks": [],
                "prefix_list_ids": [],
                "protocol": "tcp",
                "security_groups": [],
                "self": false,
                "to_port": 5432
              }
            ],
            "name": "allow_specific_ip",
            "name_prefix": "",
            "owner_id": "264673220706",
            "revoke_rules_on_delete": false,
            "tags": {},
            "tags_all": {},
            "timeouts": null,
            "vpc_id": "vpc-01622e54042cb95e7"
          },
          "sensitive_attributes": [],
          "private": "eyJlMmJmYjczMC1lY2FhLTExZTYtOGY4OC0zNDM2M2JjN2M0YzAiOnsiY3JlYXRlIjo2MDAwMDAwMDAwMDAsImRlbGV0ZSI6OTAwMDAwMDAwMDAwfSwic2NoZW1hX3ZlcnNpb24iOiIxIn0="
        }
      ]
    },
    {
      "module": "module.s3_bucket",
      "mode": "managed",
      "type": "aws_s3_bucket",
      "name": "s3_bucket",
      "provider": "provider[\"registry.terraform.io/hashicorp/aws\"]",
      "instances": [
        {
          "schema_version": 0,
          "attributes": {
            "acceleration_status": "",
            "acl": null,
            "arn": "arn:aws:s3:::gn-s3",
            "bucket": "gn-s3",
            "bucket_domain_name": "gn-s3.s3.amazonaws.com",
            "bucket_prefix": "",
            "bucket_regional_domain_name": "gn-s3.s3.eu-west-2.amazonaws.com",
            "cors_rule": [],
            "force_destroy": false,
            "grant": [
              {
                "id": "42f6cc5fb2eb9283b8a6feb9cb42141fd8daa96aa0fd21053ac1ae53d4fec316",
                "permissions": [
                  "FULL_CONTROL"
                ],
                "type": "CanonicalUser",
                "uri": ""
              }
            ],
            "hosted_zone_id": "Z3GKZC51ZF0DB4",
            "id": "gn-s3",
            "lifecycle_rule": [],
            "logging": [],
            "object_lock_configuration": [],
            "object_lock_enabled": false,
            "policy": "",
            "region": "eu-west-2",
            "replication_configuration": [],
            "request_payer": "BucketOwner",
            "server_side_encryption_configuration": [
              {
                "rule": [
                  {
                    "apply_server_side_encryption_by_default": [
                      {
                        "kms_master_key_id": "",
                        "sse_algorithm": "AES256"
                      }
                    ],
                    "bucket_key_enabled": false
                  }
                ]
              }
            ],
            "tags": {},
            "tags_all": {},
            "timeouts": null,
            "versioning": [
              {
                "enabled": false,
                "mfa_delete": false
              }
            ],
            "website": [],
            "website_domain": null,
            "website_endpoint": null
          },
          "sensitive_attributes": [],
          "private": "eyJlMmJmYjczMC1lY2FhLTExZTYtOGY4OC0zNDM2M2JjN2M0YzAiOnsiY3JlYXRlIjoxMjAwMDAwMDAwMDAwLCJkZWxldGUiOjM2MDAwMDAwMDAwMDAsInJlYWQiOjEyMDAwMDAwMDAwMDAsInVwZGF0ZSI6MTIwMDAwMDAwMDAwMH19"
        }
      ]
    }
  ],
  "check_results": null
}
